// !$*UTF8*$!
{
	archiveVersion = 1;
	classes = {
	};
	objectVersion = 46;
	objects = {

/* Begin PBXBuildFile section */
		0E0BC4ED133B795000C38C28 /* welcome_background~ipad.png in Resources */ = {isa = PBXBuildFile; fileRef = 0E0BC4EC133B795000C38C28 /* welcome_background~ipad.png */; };
		0E5BA8EF1344D62700BAD34B /* StoresViewController.m in Sources */ = {isa = PBXBuildFile; fileRef = 0E5BA8EE1344D62700BAD34B /* StoresViewController.m */; };
		0E5BA8F21344D7A300BAD34B /* StoresViewController.xib in Resources */ = {isa = PBXBuildFile; fileRef = 0E5BA8F11344D7A300BAD34B /* StoresViewController.xib */; };
		0E5BA9011344DF3000BAD34B /* icon_stores_white.png in Resources */ = {isa = PBXBuildFile; fileRef = 0E5BA8FD1344DF3000BAD34B /* icon_stores_white.png */; };
		0E5BA9021344DF3000BAD34B /* icon_stores_white@x2.png in Resources */ = {isa = PBXBuildFile; fileRef = 0E5BA8FE1344DF3000BAD34B /* icon_stores_white@x2.png */; };
		0E5BA9031344DF3000BAD34B /* icon_stores.png in Resources */ = {isa = PBXBuildFile; fileRef = 0E5BA8FF1344DF3000BAD34B /* icon_stores.png */; };
		0E5BA9041344DF3000BAD34B /* icon_stores@2x.png in Resources */ = {isa = PBXBuildFile; fileRef = 0E5BA9001344DF3000BAD34B /* icon_stores@2x.png */; };
		0E5BA9071344E29800BAD34B /* StoreViewController.m in Sources */ = {isa = PBXBuildFile; fileRef = 0E5BA9061344E29400BAD34B /* StoreViewController.m */; };
		0E5BA9091344E2A900BAD34B /* StoreViewController.xib in Resources */ = {isa = PBXBuildFile; fileRef = 0E5BA9081344E2A900BAD34B /* StoreViewController.xib */; };
		0E85BD04133B7BD900F3E65B /* InventoryViewController.xib in Resources */ = {isa = PBXBuildFile; fileRef = 0E85BD03133B7BD900F3E65B /* InventoryViewController.xib */; };
		0E85BD07133B7C5F00F3E65B /* InventoryViewController.m in Sources */ = {isa = PBXBuildFile; fileRef = 0E85BD06133B7C5F00F3E65B /* InventoryViewController.m */; };
		0E85BD0A133B81CC00F3E65B /* InventoryItemViewController.m in Sources */ = {isa = PBXBuildFile; fileRef = 0E85BD09133B81CA00F3E65B /* InventoryItemViewController.m */; };
		0E85BD0C133B826600F3E65B /* InventoryItemViewController.xib in Resources */ = {isa = PBXBuildFile; fileRef = 0E85BD0B133B826500F3E65B /* InventoryItemViewController.xib */; };
		0E85BD0F133BAF4C00F3E65B /* InventoryItemStoreViewController.m in Sources */ = {isa = PBXBuildFile; fileRef = 0E85BD0E133BAF4600F3E65B /* InventoryItemStoreViewController.m */; };
		0E85BD11133BB71400F3E65B /* InventoryItemStoreViewController.xib in Resources */ = {isa = PBXBuildFile; fileRef = 0E85BD10133BB71300F3E65B /* InventoryItemStoreViewController.xib */; };
		0EB880F21345079E00D94B07 /* building.png in Resources */ = {isa = PBXBuildFile; fileRef = 0EB880F01345079E00D94B07 /* building.png */; };
		0EB880F31345079E00D94B07 /* building@2x.png in Resources */ = {isa = PBXBuildFile; fileRef = 0EB880F11345079E00D94B07 /* building@2x.png */; };
		C20FC5A61337B97600FDBE8D /* white_button.png in Resources */ = {isa = PBXBuildFile; fileRef = C20FC5A41337B97600FDBE8D /* white_button.png */; };
		C20FC5A71337B97600FDBE8D /* white_button_pressed.png in Resources */ = {isa = PBXBuildFile; fileRef = C20FC5A51337B97600FDBE8D /* white_button_pressed.png */; };
		C212D8AE132A47CE00E2A078 /* main.m in Sources */ = {isa = PBXBuildFile; fileRef = C212D8A5132A47CE00E2A078 /* main.m */; };
		C212D8B0132A47CE00E2A078 /* OmniMobileAppDelegate.m in Sources */ = {isa = PBXBuildFile; fileRef = C212D8A9132A47CE00E2A078 /* OmniMobileAppDelegate.m */; };
		C212D8B1132A47CE00E2A078 /* UsersViewController.m in Sources */ = {isa = PBXBuildFile; fileRef = C212D8AB132A47CE00E2A078 /* UsersViewController.m */; };
		C212D8B2132A47CE00E2A078 /* UserViewController.m in Sources */ = {isa = PBXBuildFile; fileRef = C212D8AD132A47CE00E2A078 /* UserViewController.m */; };
		C212D8BC132A47E700E2A078 /* InfoPlist.strings in Resources */ = {isa = PBXBuildFile; fileRef = C212D8B4132A47E700E2A078 /* InfoPlist.strings */; };
		C212D8C4132A482800E2A078 /* MainWindow.xib in Resources */ = {isa = PBXBuildFile; fileRef = C212D8C1132A482800E2A078 /* MainWindow.xib */; };
		C212D8C5132A482800E2A078 /* UsersViewController.xib in Resources */ = {isa = PBXBuildFile; fileRef = C212D8C2132A482800E2A078 /* UsersViewController.xib */; };
		C212D8C6132A482800E2A078 /* UserViewController.xib in Resources */ = {isa = PBXBuildFile; fileRef = C212D8C3132A482800E2A078 /* UserViewController.xib */; };
		C212D8D2132A487A00E2A078 /* OmniMobileTest.m in Sources */ = {isa = PBXBuildFile; fileRef = C212D8C9132A483D00E2A078 /* OmniMobileTest.m */; };
		C212D8D3132A488200E2A078 /* InfoPlist.strings in Resources */ = {isa = PBXBuildFile; fileRef = C212D8CC132A484700E2A078 /* InfoPlist.strings */; };
		C226C242132A781B00427656 /* MenuViewController.m in Sources */ = {isa = PBXBuildFile; fileRef = C226C241132A781B00427656 /* MenuViewController.m */; };
		C226C244132A782500427656 /* MenuViewController.xib in Resources */ = {isa = PBXBuildFile; fileRef = C226C243132A782500427656 /* MenuViewController.xib */; };
		C23F3D86132E5932003155EE /* libjson_mobile.a in Frameworks */ = {isa = PBXBuildFile; fileRef = C23F3D85132E5932003155EE /* libjson_mobile.a */; };
		C23F3D8A132E5965003155EE /* libcommons_mobile.a in Frameworks */ = {isa = PBXBuildFile; fileRef = C23F3D89132E5965003155EE /* libcommons_mobile.a */; };
		C23F3DA7132E737B003155EE /* MainWindow-iPad.xib in Resources */ = {isa = PBXBuildFile; fileRef = C23F3DA6132E737B003155EE /* MainWindow-iPad.xib */; };
		C23F3DAF132E7480003155EE /* QuartzCore.framework in Frameworks */ = {isa = PBXBuildFile; fileRef = A57BEA56132E72F0000478F7 /* QuartzCore.framework */; };
		C24A0E441338AF7600D8C7EC /* icon_inventory_white.png in Resources */ = {isa = PBXBuildFile; fileRef = C24A0E401338AF7600D8C7EC /* icon_inventory_white.png */; };
		C24A0E451338AF7600D8C7EC /* icon_inventory_white@2x.png in Resources */ = {isa = PBXBuildFile; fileRef = C24A0E411338AF7600D8C7EC /* icon_inventory_white@2x.png */; };
		C24A0E461338AF7600D8C7EC /* icon_inventory.png in Resources */ = {isa = PBXBuildFile; fileRef = C24A0E421338AF7600D8C7EC /* icon_inventory.png */; };
		C24A0E471338AF7600D8C7EC /* icon_inventory@2x.png in Resources */ = {isa = PBXBuildFile; fileRef = C24A0E431338AF7600D8C7EC /* icon_inventory@2x.png */; };
		C24A0E4C1338B01400D8C7EC /* icon_sales_white.png in Resources */ = {isa = PBXBuildFile; fileRef = C24A0E481338B01400D8C7EC /* icon_sales_white.png */; };
		C24A0E4D1338B01400D8C7EC /* icon_sales_white@2x.png in Resources */ = {isa = PBXBuildFile; fileRef = C24A0E491338B01400D8C7EC /* icon_sales_white@2x.png */; };
		C24A0E4E1338B01400D8C7EC /* icon_sales.png in Resources */ = {isa = PBXBuildFile; fileRef = C24A0E4A1338B01400D8C7EC /* icon_sales.png */; };
		C24A0E4F1338B01400D8C7EC /* icon_sales@2x.png in Resources */ = {isa = PBXBuildFile; fileRef = C24A0E4B1338B01400D8C7EC /* icon_sales@2x.png */; };
		C24A0E541338B08000D8C7EC /* icon_purchases_white.png in Resources */ = {isa = PBXBuildFile; fileRef = C24A0E501338B08000D8C7EC /* icon_purchases_white.png */; };
		C24A0E551338B08000D8C7EC /* icon_purchases_white@2x.png in Resources */ = {isa = PBXBuildFile; fileRef = C24A0E511338B08000D8C7EC /* icon_purchases_white@2x.png */; };
		C24A0E561338B08000D8C7EC /* icon_purchases.png in Resources */ = {isa = PBXBuildFile; fileRef = C24A0E521338B08000D8C7EC /* icon_purchases.png */; };
		C24A0E571338B08000D8C7EC /* icon_purchases@2x.png in Resources */ = {isa = PBXBuildFile; fileRef = C24A0E531338B08000D8C7EC /* icon_purchases@2x.png */; };
		C24A0E5C1338B11800D8C7EC /* icon_users_white.png in Resources */ = {isa = PBXBuildFile; fileRef = C24A0E581338B11800D8C7EC /* icon_users_white.png */; };
		C24A0E5D1338B11800D8C7EC /* icon_users_white@2x.png in Resources */ = {isa = PBXBuildFile; fileRef = C24A0E591338B11800D8C7EC /* icon_users_white@2x.png */; };
		C24A0E5E1338B11800D8C7EC /* icon_users.png in Resources */ = {isa = PBXBuildFile; fileRef = C24A0E5A1338B11800D8C7EC /* icon_users.png */; };
		C24A0E5F1338B11800D8C7EC /* icon_users@2x.png in Resources */ = {isa = PBXBuildFile; fileRef = C24A0E5B1338B11800D8C7EC /* icon_users@2x.png */; };
		C24A0E641338B1F100D8C7EC /* LoginViewController.m in Sources */ = {isa = PBXBuildFile; fileRef = C24A0E631338B1F000D8C7EC /* LoginViewController.m */; };
		C24A0E691338B65E00D8C7EC /* welcome_logo.png in Resources */ = {isa = PBXBuildFile; fileRef = C24A0E651338B65E00D8C7EC /* welcome_logo.png */; };
		C24A0E6A1338B65E00D8C7EC /* welcome_logo@2x.png in Resources */ = {isa = PBXBuildFile; fileRef = C24A0E661338B65E00D8C7EC /* welcome_logo@2x.png */; };
		C24A0E6B1338B65E00D8C7EC /* welcome_background.png in Resources */ = {isa = PBXBuildFile; fileRef = C24A0E671338B65E00D8C7EC /* welcome_background.png */; };
		C24A0E6C1338B65E00D8C7EC /* welcome_background@2x.png in Resources */ = {isa = PBXBuildFile; fileRef = C24A0E681338B65E00D8C7EC /* welcome_background@2x.png */; };
		C24A0E6E1338B9BB00D8C7EC /* LoginViewController.xib in Resources */ = {isa = PBXBuildFile; fileRef = C24A0E6D1338B9BB00D8C7EC /* LoginViewController.xib */; };
		C28EFF3B13295A31007CBA34 /* UIKit.framework in Frameworks */ = {isa = PBXBuildFile; fileRef = C28EFF3A13295A31007CBA34 /* UIKit.framework */; };
		C28EFF3D13295A31007CBA34 /* Foundation.framework in Frameworks */ = {isa = PBXBuildFile; fileRef = C28EFF3C13295A31007CBA34 /* Foundation.framework */; };
		C28EFF3F13295A31007CBA34 /* CoreGraphics.framework in Frameworks */ = {isa = PBXBuildFile; fileRef = C28EFF3E13295A31007CBA34 /* CoreGraphics.framework */; };
		C28F3A7613328DBC006F36F8 /* Default.png in Resources */ = {isa = PBXBuildFile; fileRef = C28F3A3D13328DBC006F36F8 /* Default.png */; };
		C28F3A7713328DBC006F36F8 /* Default@2x.png in Resources */ = {isa = PBXBuildFile; fileRef = C28F3A3E13328DBC006F36F8 /* Default@2x.png */; };
		C28F3A7813328DBC006F36F8 /* Icon-Small.png in Resources */ = {isa = PBXBuildFile; fileRef = C28F3A3F13328DBC006F36F8 /* Icon-Small.png */; };
		C28F3A7913328DBC006F36F8 /* Icon-Small@2x.png in Resources */ = {isa = PBXBuildFile; fileRef = C28F3A4013328DBC006F36F8 /* Icon-Small@2x.png */; };
		C28F3A7A13328DBC006F36F8 /* Icon.png in Resources */ = {isa = PBXBuildFile; fileRef = C28F3A4113328DBC006F36F8 /* Icon.png */; };
		C28F3A7B13328DBC006F36F8 /* Icon@2x.png in Resources */ = {isa = PBXBuildFile; fileRef = C28F3A4213328DBC006F36F8 /* Icon@2x.png */; };
		C28F3A7C13328DBC006F36F8 /* iTunesArtwork.png in Resources */ = {isa = PBXBuildFile; fileRef = C28F3A4313328DBC006F36F8 /* iTunesArtwork.png */; };
		C28F3A8113328DBC006F36F8 /* icon_highlights.png in Resources */ = {isa = PBXBuildFile; fileRef = C28F3A4B13328DBC006F36F8 /* icon_highlights.png */; };
		C28F3A8213328DBC006F36F8 /* icon_highlights@2x.png in Resources */ = {isa = PBXBuildFile; fileRef = C28F3A4C13328DBC006F36F8 /* icon_highlights@2x.png */; };
		C28F3A8313328DBC006F36F8 /* icon_highlights_white.png in Resources */ = {isa = PBXBuildFile; fileRef = C28F3A4D13328DBC006F36F8 /* icon_highlights_white.png */; };
		C28F3A8413328DBC006F36F8 /* icon_highlights_white@2x.png in Resources */ = {isa = PBXBuildFile; fileRef = C28F3A4E13328DBC006F36F8 /* icon_highlights_white@2x.png */; };
		C28F3A8513328DBC006F36F8 /* icon_mail.png in Resources */ = {isa = PBXBuildFile; fileRef = C28F3A5013328DBC006F36F8 /* icon_mail.png */; };
		C28F3A8613328DBC006F36F8 /* icon_mail@2x.png in Resources */ = {isa = PBXBuildFile; fileRef = C28F3A5113328DBC006F36F8 /* icon_mail@2x.png */; };
		C28F3A8713328DBC006F36F8 /* icon_mail_white.png in Resources */ = {isa = PBXBuildFile; fileRef = C28F3A5213328DBC006F36F8 /* icon_mail_white.png */; };
		C28F3A8813328DBC006F36F8 /* icon_mail_white@2x.png in Resources */ = {isa = PBXBuildFile; fileRef = C28F3A5313328DBC006F36F8 /* icon_mail_white@2x.png */; };
		C28F3A8913328DBC006F36F8 /* icon_phone.png in Resources */ = {isa = PBXBuildFile; fileRef = C28F3A5513328DBC006F36F8 /* icon_phone.png */; };
		C28F3A8A13328DBC006F36F8 /* icon_phone@2x.png in Resources */ = {isa = PBXBuildFile; fileRef = C28F3A5613328DBC006F36F8 /* icon_phone@2x.png */; };
		C28F3A8B13328DBC006F36F8 /* icon_phone_white.png in Resources */ = {isa = PBXBuildFile; fileRef = C28F3A5713328DBC006F36F8 /* icon_phone_white.png */; };
		C28F3A8C13328DBC006F36F8 /* icon_phone_white@2x.png in Resources */ = {isa = PBXBuildFile; fileRef = C28F3A5813328DBC006F36F8 /* icon_phone_white@2x.png */; };
		C28F3A8D13328DBC006F36F8 /* icon_places.png in Resources */ = {isa = PBXBuildFile; fileRef = C28F3A5A13328DBC006F36F8 /* icon_places.png */; };
		C28F3A8E13328DBC006F36F8 /* icon_places@2x.png in Resources */ = {isa = PBXBuildFile; fileRef = C28F3A5B13328DBC006F36F8 /* icon_places@2x.png */; };
		C28F3A8F13328DBC006F36F8 /* icon_places_white.png in Resources */ = {isa = PBXBuildFile; fileRef = C28F3A5C13328DBC006F36F8 /* icon_places_white.png */; };
		C28F3A9013328DBC006F36F8 /* icon_places_white@2x.png in Resources */ = {isa = PBXBuildFile; fileRef = C28F3A5D13328DBC006F36F8 /* icon_places_white@2x.png */; };
		C28F3A9513328DBC006F36F8 /* icon_stats.png in Resources */ = {isa = PBXBuildFile; fileRef = C28F3A6413328DBC006F36F8 /* icon_stats.png */; };
		C28F3A9613328DBC006F36F8 /* icon_stats@2x.png in Resources */ = {isa = PBXBuildFile; fileRef = C28F3A6513328DBC006F36F8 /* icon_stats@2x.png */; };
		C28F3A9713328DBC006F36F8 /* icon_stats_white.png in Resources */ = {isa = PBXBuildFile; fileRef = C28F3A6613328DBC006F36F8 /* icon_stats_white.png */; };
		C28F3A9813328DBC006F36F8 /* icon_stats_white@2x.png in Resources */ = {isa = PBXBuildFile; fileRef = C28F3A6713328DBC006F36F8 /* icon_stats_white@2x.png */; };
		C28F3AA113328DBC006F36F8 /* gradient.png in Resources */ = {isa = PBXBuildFile; fileRef = C28F3A7313328DBC006F36F8 /* gradient.png */; };
		C28F3AA213328DBC006F36F8 /* gradient@2x.png in Resources */ = {isa = PBXBuildFile; fileRef = C28F3A7413328DBC006F36F8 /* gradient@2x.png */; };
		C28F3AA813328E34006F36F8 /* Default-Landscape~ipad.png in Resources */ = {isa = PBXBuildFile; fileRef = C28F3AA413328E34006F36F8 /* Default-Landscape~ipad.png */; };
		C28F3AA913328E34006F36F8 /* Default-Portrait~ipad.png in Resources */ = {isa = PBXBuildFile; fileRef = C28F3AA513328E34006F36F8 /* Default-Portrait~ipad.png */; };
		C28F3AAA13328E34006F36F8 /* Icon-72.png in Resources */ = {isa = PBXBuildFile; fileRef = C28F3AA613328E34006F36F8 /* Icon-72.png */; };
		C28F3AAB13328E34006F36F8 /* Icon-Small-50.png in Resources */ = {isa = PBXBuildFile; fileRef = C28F3AA713328E34006F36F8 /* Icon-Small-50.png */; };
		C28F3AAE13328E82006F36F8 /* header_logo.png in Resources */ = {isa = PBXBuildFile; fileRef = C28F3AAC13328E82006F36F8 /* header_logo.png */; };
		C28F3AAF13328E82006F36F8 /* header_logo@2x.png in Resources */ = {isa = PBXBuildFile; fileRef = C28F3AAD13328E82006F36F8 /* header_logo@2x.png */; };
		C29A2E34132E9DE8005EAB37 /* libcommons_ui_mobile.a in Frameworks */ = {isa = PBXBuildFile; fileRef = C29A2E33132E9DE8005EAB37 /* libcommons_ui_mobile.a */; };
		C2BF35D91340B568004E4524 /* building_white.png in Resources */ = {isa = PBXBuildFile; fileRef = C2BF35D71340B568004E4524 /* building_white.png */; };
		C2BF35DA1340B568004E4524 /* building_white@x2.png in Resources */ = {isa = PBXBuildFile; fileRef = C2BF35D81340B568004E4524 /* building_white@x2.png */; };
		C2BF35DF1340B58A004E4524 /* user.png in Resources */ = {isa = PBXBuildFile; fileRef = C2BF35DD1340B58A004E4524 /* user.png */; };
		C2BF35E01340B58A004E4524 /* user@2x.png in Resources */ = {isa = PBXBuildFile; fileRef = C2BF35DE1340B58A004E4524 /* user@2x.png */; };
		C2C2FA0F132E979B0038B41E /* Settings.bundle in Resources */ = {isa = PBXBuildFile; fileRef = C2C2FA0E132E979A0038B41E /* Settings.bundle */; };
		C2D176051330464D00095322 /* Localizable.strings in Resources */ = {isa = PBXBuildFile; fileRef = C2D176071330464D00095322 /* Localizable.strings */; };
		C2D1760B133046D000095322 /* InfoPlist.strings in Resources */ = {isa = PBXBuildFile; fileRef = C2D1760D133046D000095322 /* InfoPlist.strings */; };
		C2DBDC14132A42D5006C6E07 /* UIKit.framework in Frameworks */ = {isa = PBXBuildFile; fileRef = C28EFF3A13295A31007CBA34 /* UIKit.framework */; };
		C2DBDC15132A42D5006C6E07 /* Foundation.framework in Frameworks */ = {isa = PBXBuildFile; fileRef = C28EFF3C13295A31007CBA34 /* Foundation.framework */; };
		C2DBDC16132A42D5006C6E07 /* CoreGraphics.framework in Frameworks */ = {isa = PBXBuildFile; fileRef = C28EFF3E13295A31007CBA34 /* CoreGraphics.framework */; };
		C2FEBD611340AB8800CBB51E /* building.png in Resources */ = {isa = PBXBuildFile; fileRef = C2FEBD5F1340AB8800CBB51E /* building.png */; };
		C2FEBD621340AB8800CBB51E /* building@2x.png in Resources */ = {isa = PBXBuildFile; fileRef = C2FEBD601340AB8800CBB51E /* building@2x.png */; };
		C2FEBD671340ABA500CBB51E /* box.png in Resources */ = {isa = PBXBuildFile; fileRef = C2FEBD651340ABA500CBB51E /* box.png */; };
		C2FEBD681340ABA500CBB51E /* box@2x.png in Resources */ = {isa = PBXBuildFile; fileRef = C2FEBD661340ABA500CBB51E /* box@2x.png */; };
		C2FEBD6B1340ABAD00CBB51E /* box_building.png in Resources */ = {isa = PBXBuildFile; fileRef = C2FEBD691340ABAD00CBB51E /* box_building.png */; };
		C2FEBD6C1340ABAD00CBB51E /* box_building@x2.png in Resources */ = {isa = PBXBuildFile; fileRef = C2FEBD6A1340ABAD00CBB51E /* box_building@x2.png */; };
/* End PBXBuildFile section */

/* Begin PBXContainerItemProxy section */
		C20DE8F5132BC6EE0028EAD7 /* PBXContainerItemProxy */ = {
			isa = PBXContainerItemProxy;
			containerPortal = C20DE8F1132BC6EE0028EAD7 /* json_mobile.xcodeproj */;
			proxyType = 2;
			remoteGlobalIDString = C2935B9B132AD9A600B39BE2;
			remoteInfo = json_mobile;
		};
		C20DE8F8132BC6F80028EAD7 /* PBXContainerItemProxy */ = {
			isa = PBXContainerItemProxy;
			containerPortal = C20DE8F1132BC6EE0028EAD7 /* json_mobile.xcodeproj */;
			proxyType = 1;
			remoteGlobalIDString = C2935B9A132AD9A600B39BE2;
			remoteInfo = json_mobile;
		};
		C23F3D87132E5960003155EE /* PBXContainerItemProxy */ = {
			isa = PBXContainerItemProxy;
			containerPortal = C24323F2132E2D2800BB72E0 /* commons_mobile.xcodeproj */;
			proxyType = 1;
			remoteGlobalIDString = C295F923132E265A00BC1B93;
			remoteInfo = commons_mobile;
		};
		C24323F6132E2D2800BB72E0 /* PBXContainerItemProxy */ = {
			isa = PBXContainerItemProxy;
			containerPortal = C24323F2132E2D2800BB72E0 /* commons_mobile.xcodeproj */;
			proxyType = 2;
			remoteGlobalIDString = C295F924132E265A00BC1B93;
			remoteInfo = commons_mobile;
		};
		C2C2F9FF132E94800038B41E /* PBXContainerItemProxy */ = {
			isa = PBXContainerItemProxy;
			containerPortal = C2C2F9FB132E94800038B41E /* commons_ui_mobile.xcodeproj */;
			proxyType = 2;
			remoteGlobalIDString = C2EEE094132E8E9B0038FFA6;
			remoteInfo = commons_ui_mobile;
		};
		C2C2FA01132E94890038B41E /* PBXContainerItemProxy */ = {
			isa = PBXContainerItemProxy;
			containerPortal = C2C2F9FB132E94800038B41E /* commons_ui_mobile.xcodeproj */;
			proxyType = 1;
			remoteGlobalIDString = C2EEE093132E8E9B0038FFA6;
			remoteInfo = commons_ui_mobile;
		};
		C2DBDC25132A42DB006C6E07 /* PBXContainerItemProxy */ = {
			isa = PBXContainerItemProxy;
			containerPortal = C28EFF2D13295A31007CBA34 /* Project object */;
			proxyType = 1;
			remoteGlobalIDString = C28EFF3513295A31007CBA34;
			remoteInfo = omni_mobile;
		};
/* End PBXContainerItemProxy section */

/* Begin PBXFileReference section */
		0E0BC4EC133B795000C38C28 /* welcome_background~ipad.png */ = {isa = PBXFileReference; lastKnownFileType = image.png; name = "welcome_background~ipad.png"; path = "ipad/resources/images/ui/welcome_background~ipad.png"; sourceTree = "<group>"; };
		0E5BA8ED1344D62700BAD34B /* StoresViewController.h */ = {isa = PBXFileReference; fileEncoding = 4; lastKnownFileType = sourcecode.c.h; name = StoresViewController.h; path = classes/StoresViewController.h; sourceTree = "<group>"; };
		0E5BA8EE1344D62700BAD34B /* StoresViewController.m */ = {isa = PBXFileReference; fileEncoding = 4; lastKnownFileType = sourcecode.c.objc; name = StoresViewController.m; path = classes/StoresViewController.m; sourceTree = "<group>"; };
		0E5BA8F11344D7A300BAD34B /* StoresViewController.xib */ = {isa = PBXFileReference; fileEncoding = 4; lastKnownFileType = file.xib; name = StoresViewController.xib; path = nibs/StoresViewController.xib; sourceTree = "<group>"; };
		0E5BA8FD1344DF3000BAD34B /* icon_stores_white.png */ = {isa = PBXFileReference; lastKnownFileType = image.png; name = icon_stores_white.png; path = stores/icon_stores_white.png; sourceTree = "<group>"; };
		0E5BA8FE1344DF3000BAD34B /* icon_stores_white@x2.png */ = {isa = PBXFileReference; lastKnownFileType = image.png; name = "icon_stores_white@x2.png"; path = "stores/icon_stores_white@x2.png"; sourceTree = "<group>"; };
		0E5BA8FF1344DF3000BAD34B /* icon_stores.png */ = {isa = PBXFileReference; lastKnownFileType = image.png; name = icon_stores.png; path = stores/icon_stores.png; sourceTree = "<group>"; };
		0E5BA9001344DF3000BAD34B /* icon_stores@2x.png */ = {isa = PBXFileReference; lastKnownFileType = image.png; name = "icon_stores@2x.png"; path = "stores/icon_stores@2x.png"; sourceTree = "<group>"; };
		0E5BA9051344E29300BAD34B /* StoreViewController.h */ = {isa = PBXFileReference; fileEncoding = 4; lastKnownFileType = sourcecode.c.h; name = StoreViewController.h; path = classes/StoreViewController.h; sourceTree = "<group>"; };
		0E5BA9061344E29400BAD34B /* StoreViewController.m */ = {isa = PBXFileReference; fileEncoding = 4; lastKnownFileType = sourcecode.c.objc; name = StoreViewController.m; path = classes/StoreViewController.m; sourceTree = "<group>"; };
		0E5BA9081344E2A900BAD34B /* StoreViewController.xib */ = {isa = PBXFileReference; fileEncoding = 4; lastKnownFileType = file.xib; name = StoreViewController.xib; path = nibs/StoreViewController.xib; sourceTree = "<group>"; };
		0E85BD03133B7BD900F3E65B /* InventoryViewController.xib */ = {isa = PBXFileReference; fileEncoding = 4; lastKnownFileType = file.xib; name = InventoryViewController.xib; path = nibs/InventoryViewController.xib; sourceTree = "<group>"; };
		0E85BD05133B7C5F00F3E65B /* InventoryViewController.h */ = {isa = PBXFileReference; fileEncoding = 4; lastKnownFileType = sourcecode.c.h; name = InventoryViewController.h; path = classes/InventoryViewController.h; sourceTree = "<group>"; };
		0E85BD06133B7C5F00F3E65B /* InventoryViewController.m */ = {isa = PBXFileReference; fileEncoding = 4; lastKnownFileType = sourcecode.c.objc; name = InventoryViewController.m; path = classes/InventoryViewController.m; sourceTree = "<group>"; };
		0E85BD08133B81C800F3E65B /* InventoryItemViewController.h */ = {isa = PBXFileReference; fileEncoding = 4; lastKnownFileType = sourcecode.c.h; name = InventoryItemViewController.h; path = classes/InventoryItemViewController.h; sourceTree = "<group>"; };
		0E85BD09133B81CA00F3E65B /* InventoryItemViewController.m */ = {isa = PBXFileReference; fileEncoding = 4; lastKnownFileType = sourcecode.c.objc; name = InventoryItemViewController.m; path = classes/InventoryItemViewController.m; sourceTree = "<group>"; };
		0E85BD0B133B826500F3E65B /* InventoryItemViewController.xib */ = {isa = PBXFileReference; fileEncoding = 4; lastKnownFileType = file.xib; name = InventoryItemViewController.xib; path = nibs/InventoryItemViewController.xib; sourceTree = "<group>"; };
		0E85BD0D133BAF4400F3E65B /* InventoryItemStoreViewController.h */ = {isa = PBXFileReference; fileEncoding = 4; lastKnownFileType = sourcecode.c.h; name = InventoryItemStoreViewController.h; path = classes/InventoryItemStoreViewController.h; sourceTree = "<group>"; };
		0E85BD0E133BAF4600F3E65B /* InventoryItemStoreViewController.m */ = {isa = PBXFileReference; fileEncoding = 4; lastKnownFileType = sourcecode.c.objc; name = InventoryItemStoreViewController.m; path = classes/InventoryItemStoreViewController.m; sourceTree = "<group>"; };
		0E85BD10133BB71300F3E65B /* InventoryItemStoreViewController.xib */ = {isa = PBXFileReference; fileEncoding = 4; lastKnownFileType = file.xib; name = InventoryItemStoreViewController.xib; path = nibs/InventoryItemStoreViewController.xib; sourceTree = "<group>"; };
		0EB880F01345079E00D94B07 /* building.png */ = {isa = PBXFileReference; lastKnownFileType = image.png; name = building.png; path = resources/images/header_icons/building/building.png; sourceTree = "<group>"; };
		0EB880F11345079E00D94B07 /* building@2x.png */ = {isa = PBXFileReference; lastKnownFileType = image.png; name = "building@2x.png"; path = "resources/images/header_icons/building/building@2x.png"; sourceTree = "<group>"; };
		A57BEA56132E72F0000478F7 /* QuartzCore.framework */ = {isa = PBXFileReference; lastKnownFileType = wrapper.framework; name = QuartzCore.framework; path = System/Library/Frameworks/QuartzCore.framework; sourceTree = SDKROOT; };
		C20CDB8E1333782D008A4FE3 /* Dependencies.h */ = {isa = PBXFileReference; fileEncoding = 4; lastKnownFileType = sourcecode.c.h; name = Dependencies.h; path = classes/Dependencies.h; sourceTree = "<group>"; };
		C20CDB9013337933008A4FE3 /* omni_mobile_test.h */ = {isa = PBXFileReference; fileEncoding = 4; lastKnownFileType = sourcecode.c.h; name = omni_mobile_test.h; path = headers/omni_mobile_test.h; sourceTree = "<group>"; };
		C20CDB9113337953008A4FE3 /* Dependencies.h */ = {isa = PBXFileReference; fileEncoding = 4; lastKnownFileType = sourcecode.c.h; name = Dependencies.h; path = classes/Dependencies.h; sourceTree = "<group>"; };
		C20DE8F1132BC6EE0028EAD7 /* json_mobile.xcodeproj */ = {isa = PBXFileReference; lastKnownFileType = "wrapper.pb-project"; name = json_mobile.xcodeproj; path = ../json_mobile/json_mobile.xcodeproj; sourceTree = "<group>"; };
		C20FC5A41337B97600FDBE8D /* white_button.png */ = {isa = PBXFileReference; lastKnownFileType = image.png; path = white_button.png; sourceTree = "<group>"; };
		C20FC5A51337B97600FDBE8D /* white_button_pressed.png */ = {isa = PBXFileReference; lastKnownFileType = image.png; path = white_button_pressed.png; sourceTree = "<group>"; };
		C212D8A5132A47CE00E2A078 /* main.m */ = {isa = PBXFileReference; fileEncoding = 4; lastKnownFileType = sourcecode.c.objc; name = main.m; path = classes/main.m; sourceTree = "<group>"; };
		C212D8A8132A47CE00E2A078 /* OmniMobileAppDelegate.h */ = {isa = PBXFileReference; fileEncoding = 4; lastKnownFileType = sourcecode.c.h; name = OmniMobileAppDelegate.h; path = classes/OmniMobileAppDelegate.h; sourceTree = "<group>"; };
		C212D8A9132A47CE00E2A078 /* OmniMobileAppDelegate.m */ = {isa = PBXFileReference; fileEncoding = 4; lastKnownFileType = sourcecode.c.objc; name = OmniMobileAppDelegate.m; path = classes/OmniMobileAppDelegate.m; sourceTree = "<group>"; };
		C212D8AA132A47CE00E2A078 /* UsersViewController.h */ = {isa = PBXFileReference; fileEncoding = 4; lastKnownFileType = sourcecode.c.h; name = UsersViewController.h; path = classes/UsersViewController.h; sourceTree = "<group>"; };
		C212D8AB132A47CE00E2A078 /* UsersViewController.m */ = {isa = PBXFileReference; fileEncoding = 4; lastKnownFileType = sourcecode.c.objc; name = UsersViewController.m; path = classes/UsersViewController.m; sourceTree = "<group>"; };
		C212D8AC132A47CE00E2A078 /* UserViewController.h */ = {isa = PBXFileReference; fileEncoding = 4; lastKnownFileType = sourcecode.c.h; name = UserViewController.h; path = classes/UserViewController.h; sourceTree = "<group>"; };
		C212D8AD132A47CE00E2A078 /* UserViewController.m */ = {isa = PBXFileReference; fileEncoding = 4; lastKnownFileType = sourcecode.c.objc; name = UserViewController.m; path = classes/UserViewController.m; sourceTree = "<group>"; };
		C212D8BA132A47E700E2A078 /* omni_mobile-Info.plist */ = {isa = PBXFileReference; fileEncoding = 4; lastKnownFileType = text.plist.xml; name = "omni_mobile-Info.plist"; path = "support/omni_mobile-Info.plist"; sourceTree = "<group>"; };
		C212D8BB132A47E700E2A078 /* omni_mobile-Prefix.pch */ = {isa = PBXFileReference; fileEncoding = 4; lastKnownFileType = sourcecode.c.h; name = "omni_mobile-Prefix.pch"; path = "support/omni_mobile-Prefix.pch"; sourceTree = "<group>"; };
		C212D8C1132A482800E2A078 /* MainWindow.xib */ = {isa = PBXFileReference; fileEncoding = 4; lastKnownFileType = file.xib; name = MainWindow.xib; path = nibs/MainWindow.xib; sourceTree = "<group>"; };
		C212D8C2132A482800E2A078 /* UsersViewController.xib */ = {isa = PBXFileReference; fileEncoding = 4; lastKnownFileType = file.xib; name = UsersViewController.xib; path = nibs/UsersViewController.xib; sourceTree = "<group>"; };
		C212D8C3132A482800E2A078 /* UserViewController.xib */ = {isa = PBXFileReference; fileEncoding = 4; lastKnownFileType = file.xib; name = UserViewController.xib; path = nibs/UserViewController.xib; sourceTree = "<group>"; };
		C212D8C8132A483D00E2A078 /* OmniMobileTest.h */ = {isa = PBXFileReference; fileEncoding = 4; lastKnownFileType = sourcecode.c.h; name = OmniMobileTest.h; path = classes/OmniMobileTest.h; sourceTree = "<group>"; };
		C212D8C9132A483D00E2A078 /* OmniMobileTest.m */ = {isa = PBXFileReference; fileEncoding = 4; lastKnownFileType = sourcecode.c.objc; name = OmniMobileTest.m; path = classes/OmniMobileTest.m; sourceTree = "<group>"; };
		C212D8CD132A484700E2A078 /* en */ = {isa = PBXFileReference; lastKnownFileType = text.plist.strings; name = en; path = InfoPlist.strings; sourceTree = "<group>"; };
		C212D8CE132A484700E2A078 /* omni_mobile_test-Info.plist */ = {isa = PBXFileReference; fileEncoding = 4; lastKnownFileType = text.plist.xml; name = "omni_mobile_test-Info.plist"; path = "support/omni_mobile_test-Info.plist"; sourceTree = "<group>"; };
		C212D8CF132A484700E2A078 /* omni_mobile_test-Prefix.pch */ = {isa = PBXFileReference; fileEncoding = 4; lastKnownFileType = sourcecode.c.h; name = "omni_mobile_test-Prefix.pch"; path = "support/omni_mobile_test-Prefix.pch"; sourceTree = "<group>"; };
		C226C240132A781B00427656 /* MenuViewController.h */ = {isa = PBXFileReference; fileEncoding = 4; lastKnownFileType = sourcecode.c.h; name = MenuViewController.h; path = classes/MenuViewController.h; sourceTree = "<group>"; };
		C226C241132A781B00427656 /* MenuViewController.m */ = {isa = PBXFileReference; fileEncoding = 4; lastKnownFileType = sourcecode.c.objc; name = MenuViewController.m; path = classes/MenuViewController.m; sourceTree = "<group>"; };
		C226C243132A782500427656 /* MenuViewController.xib */ = {isa = PBXFileReference; fileEncoding = 4; lastKnownFileType = file.xib; name = MenuViewController.xib; path = nibs/MenuViewController.xib; sourceTree = "<group>"; };
		C23F3D85132E5932003155EE /* libjson_mobile.a */ = {isa = PBXFileReference; explicitFileType = archive.ar; path = libjson_mobile.a; sourceTree = BUILT_PRODUCTS_DIR; };
		C23F3D89132E5965003155EE /* libcommons_mobile.a */ = {isa = PBXFileReference; explicitFileType = archive.ar; path = libcommons_mobile.a; sourceTree = BUILT_PRODUCTS_DIR; };
		C23F3DA6132E737B003155EE /* MainWindow-iPad.xib */ = {isa = PBXFileReference; fileEncoding = 4; lastKnownFileType = file.xib; name = "MainWindow-iPad.xib"; path = "ipad/nibs/MainWindow-iPad.xib"; sourceTree = "<group>"; };
		C24323F2132E2D2800BB72E0 /* commons_mobile.xcodeproj */ = {isa = PBXFileReference; lastKnownFileType = "wrapper.pb-project"; name = commons_mobile.xcodeproj; path = ../commons_mobile/commons_mobile.xcodeproj; sourceTree = "<group>"; };
		C24A0E401338AF7600D8C7EC /* icon_inventory_white.png */ = {isa = PBXFileReference; lastKnownFileType = image.png; name = icon_inventory_white.png; path = omni_mobile/resources/images/icons/inventory/icon_inventory_white.png; sourceTree = SOURCE_ROOT; };
		C24A0E411338AF7600D8C7EC /* icon_inventory_white@2x.png */ = {isa = PBXFileReference; lastKnownFileType = image.png; name = "icon_inventory_white@2x.png"; path = "omni_mobile/resources/images/icons/inventory/icon_inventory_white@2x.png"; sourceTree = SOURCE_ROOT; };
		C24A0E421338AF7600D8C7EC /* icon_inventory.png */ = {isa = PBXFileReference; lastKnownFileType = image.png; name = icon_inventory.png; path = omni_mobile/resources/images/icons/inventory/icon_inventory.png; sourceTree = SOURCE_ROOT; };
		C24A0E431338AF7600D8C7EC /* icon_inventory@2x.png */ = {isa = PBXFileReference; lastKnownFileType = image.png; name = "icon_inventory@2x.png"; path = "omni_mobile/resources/images/icons/inventory/icon_inventory@2x.png"; sourceTree = SOURCE_ROOT; };
		C24A0E481338B01400D8C7EC /* icon_sales_white.png */ = {isa = PBXFileReference; lastKnownFileType = image.png; name = icon_sales_white.png; path = omni_mobile/resources/images/icons/sales/icon_sales_white.png; sourceTree = SOURCE_ROOT; };
		C24A0E491338B01400D8C7EC /* icon_sales_white@2x.png */ = {isa = PBXFileReference; lastKnownFileType = image.png; name = "icon_sales_white@2x.png"; path = "omni_mobile/resources/images/icons/sales/icon_sales_white@2x.png"; sourceTree = SOURCE_ROOT; };
		C24A0E4A1338B01400D8C7EC /* icon_sales.png */ = {isa = PBXFileReference; lastKnownFileType = image.png; name = icon_sales.png; path = omni_mobile/resources/images/icons/sales/icon_sales.png; sourceTree = SOURCE_ROOT; };
		C24A0E4B1338B01400D8C7EC /* icon_sales@2x.png */ = {isa = PBXFileReference; lastKnownFileType = image.png; name = "icon_sales@2x.png"; path = "omni_mobile/resources/images/icons/sales/icon_sales@2x.png"; sourceTree = SOURCE_ROOT; };
		C24A0E501338B08000D8C7EC /* icon_purchases_white.png */ = {isa = PBXFileReference; lastKnownFileType = image.png; name = icon_purchases_white.png; path = omni_mobile/resources/images/icons/purchases/icon_purchases_white.png; sourceTree = SOURCE_ROOT; };
		C24A0E511338B08000D8C7EC /* icon_purchases_white@2x.png */ = {isa = PBXFileReference; lastKnownFileType = image.png; name = "icon_purchases_white@2x.png"; path = "omni_mobile/resources/images/icons/purchases/icon_purchases_white@2x.png"; sourceTree = SOURCE_ROOT; };
		C24A0E521338B08000D8C7EC /* icon_purchases.png */ = {isa = PBXFileReference; lastKnownFileType = image.png; name = icon_purchases.png; path = omni_mobile/resources/images/icons/purchases/icon_purchases.png; sourceTree = SOURCE_ROOT; };
		C24A0E531338B08000D8C7EC /* icon_purchases@2x.png */ = {isa = PBXFileReference; lastKnownFileType = image.png; name = "icon_purchases@2x.png"; path = "omni_mobile/resources/images/icons/purchases/icon_purchases@2x.png"; sourceTree = SOURCE_ROOT; };
		C24A0E581338B11800D8C7EC /* icon_users_white.png */ = {isa = PBXFileReference; lastKnownFileType = image.png; name = icon_users_white.png; path = omni_mobile/resources/images/icons/users/icon_users_white.png; sourceTree = SOURCE_ROOT; };
		C24A0E591338B11800D8C7EC /* icon_users_white@2x.png */ = {isa = PBXFileReference; lastKnownFileType = image.png; name = "icon_users_white@2x.png"; path = "omni_mobile/resources/images/icons/users/icon_users_white@2x.png"; sourceTree = SOURCE_ROOT; };
		C24A0E5A1338B11800D8C7EC /* icon_users.png */ = {isa = PBXFileReference; lastKnownFileType = image.png; name = icon_users.png; path = omni_mobile/resources/images/icons/users/icon_users.png; sourceTree = SOURCE_ROOT; };
		C24A0E5B1338B11800D8C7EC /* icon_users@2x.png */ = {isa = PBXFileReference; lastKnownFileType = image.png; name = "icon_users@2x.png"; path = "omni_mobile/resources/images/icons/users/icon_users@2x.png"; sourceTree = SOURCE_ROOT; };
		C24A0E621338B1F000D8C7EC /* LoginViewController.h */ = {isa = PBXFileReference; fileEncoding = 4; lastKnownFileType = sourcecode.c.h; name = LoginViewController.h; path = classes/LoginViewController.h; sourceTree = "<group>"; };
		C24A0E631338B1F000D8C7EC /* LoginViewController.m */ = {isa = PBXFileReference; fileEncoding = 4; lastKnownFileType = sourcecode.c.objc; name = LoginViewController.m; path = classes/LoginViewController.m; sourceTree = "<group>"; };
		C24A0E651338B65E00D8C7EC /* welcome_logo.png */ = {isa = PBXFileReference; lastKnownFileType = image.png; path = welcome_logo.png; sourceTree = "<group>"; };
		C24A0E661338B65E00D8C7EC /* welcome_logo@2x.png */ = {isa = PBXFileReference; lastKnownFileType = image.png; path = "welcome_logo@2x.png"; sourceTree = "<group>"; };
		C24A0E671338B65E00D8C7EC /* welcome_background.png */ = {isa = PBXFileReference; lastKnownFileType = image.png; path = welcome_background.png; sourceTree = "<group>"; };
		C24A0E681338B65E00D8C7EC /* welcome_background@2x.png */ = {isa = PBXFileReference; lastKnownFileType = image.png; path = "welcome_background@2x.png"; sourceTree = "<group>"; };
		C24A0E6D1338B9BB00D8C7EC /* LoginViewController.xib */ = {isa = PBXFileReference; fileEncoding = 4; lastKnownFileType = file.xib; name = LoginViewController.xib; path = nibs/LoginViewController.xib; sourceTree = "<group>"; };
		C28EFF3613295A31007CBA34 /* omni_mobile.app */ = {isa = PBXFileReference; explicitFileType = wrapper.application; includeInIndex = 0; path = omni_mobile.app; sourceTree = BUILT_PRODUCTS_DIR; };
		C28EFF3A13295A31007CBA34 /* UIKit.framework */ = {isa = PBXFileReference; lastKnownFileType = wrapper.framework; name = UIKit.framework; path = System/Library/Frameworks/UIKit.framework; sourceTree = SDKROOT; };
		C28EFF3C13295A31007CBA34 /* Foundation.framework */ = {isa = PBXFileReference; lastKnownFileType = wrapper.framework; name = Foundation.framework; path = System/Library/Frameworks/Foundation.framework; sourceTree = SDKROOT; };
		C28EFF3E13295A31007CBA34 /* CoreGraphics.framework */ = {isa = PBXFileReference; lastKnownFileType = wrapper.framework; name = CoreGraphics.framework; path = System/Library/Frameworks/CoreGraphics.framework; sourceTree = SDKROOT; };
		C28F3A3D13328DBC006F36F8 /* Default.png */ = {isa = PBXFileReference; lastKnownFileType = image.png; path = Default.png; sourceTree = "<group>"; };
		C28F3A3E13328DBC006F36F8 /* Default@2x.png */ = {isa = PBXFileReference; lastKnownFileType = image.png; path = "Default@2x.png"; sourceTree = "<group>"; };
		C28F3A3F13328DBC006F36F8 /* Icon-Small.png */ = {isa = PBXFileReference; lastKnownFileType = image.png; path = "Icon-Small.png"; sourceTree = "<group>"; };
		C28F3A4013328DBC006F36F8 /* Icon-Small@2x.png */ = {isa = PBXFileReference; lastKnownFileType = image.png; path = "Icon-Small@2x.png"; sourceTree = "<group>"; };
		C28F3A4113328DBC006F36F8 /* Icon.png */ = {isa = PBXFileReference; lastKnownFileType = image.png; path = Icon.png; sourceTree = "<group>"; };
		C28F3A4213328DBC006F36F8 /* Icon@2x.png */ = {isa = PBXFileReference; lastKnownFileType = image.png; path = "Icon@2x.png"; sourceTree = "<group>"; };
		C28F3A4313328DBC006F36F8 /* iTunesArtwork.png */ = {isa = PBXFileReference; lastKnownFileType = image.png; path = iTunesArtwork.png; sourceTree = "<group>"; };
		C28F3A4B13328DBC006F36F8 /* icon_highlights.png */ = {isa = PBXFileReference; lastKnownFileType = image.png; path = icon_highlights.png; sourceTree = "<group>"; };
		C28F3A4C13328DBC006F36F8 /* icon_highlights@2x.png */ = {isa = PBXFileReference; lastKnownFileType = image.png; path = "icon_highlights@2x.png"; sourceTree = "<group>"; };
		C28F3A4D13328DBC006F36F8 /* icon_highlights_white.png */ = {isa = PBXFileReference; lastKnownFileType = image.png; path = icon_highlights_white.png; sourceTree = "<group>"; };
		C28F3A4E13328DBC006F36F8 /* icon_highlights_white@2x.png */ = {isa = PBXFileReference; lastKnownFileType = image.png; path = "icon_highlights_white@2x.png"; sourceTree = "<group>"; };
		C28F3A5013328DBC006F36F8 /* icon_mail.png */ = {isa = PBXFileReference; lastKnownFileType = image.png; path = icon_mail.png; sourceTree = "<group>"; };
		C28F3A5113328DBC006F36F8 /* icon_mail@2x.png */ = {isa = PBXFileReference; lastKnownFileType = image.png; path = "icon_mail@2x.png"; sourceTree = "<group>"; };
		C28F3A5213328DBC006F36F8 /* icon_mail_white.png */ = {isa = PBXFileReference; lastKnownFileType = image.png; path = icon_mail_white.png; sourceTree = "<group>"; };
		C28F3A5313328DBC006F36F8 /* icon_mail_white@2x.png */ = {isa = PBXFileReference; lastKnownFileType = image.png; path = "icon_mail_white@2x.png"; sourceTree = "<group>"; };
		C28F3A5513328DBC006F36F8 /* icon_phone.png */ = {isa = PBXFileReference; lastKnownFileType = image.png; path = icon_phone.png; sourceTree = "<group>"; };
		C28F3A5613328DBC006F36F8 /* icon_phone@2x.png */ = {isa = PBXFileReference; lastKnownFileType = image.png; path = "icon_phone@2x.png"; sourceTree = "<group>"; };
		C28F3A5713328DBC006F36F8 /* icon_phone_white.png */ = {isa = PBXFileReference; lastKnownFileType = image.png; path = icon_phone_white.png; sourceTree = "<group>"; };
		C28F3A5813328DBC006F36F8 /* icon_phone_white@2x.png */ = {isa = PBXFileReference; lastKnownFileType = image.png; path = "icon_phone_white@2x.png"; sourceTree = "<group>"; };
		C28F3A5A13328DBC006F36F8 /* icon_places.png */ = {isa = PBXFileReference; lastKnownFileType = image.png; path = icon_places.png; sourceTree = "<group>"; };
		C28F3A5B13328DBC006F36F8 /* icon_places@2x.png */ = {isa = PBXFileReference; lastKnownFileType = image.png; path = "icon_places@2x.png"; sourceTree = "<group>"; };
		C28F3A5C13328DBC006F36F8 /* icon_places_white.png */ = {isa = PBXFileReference; lastKnownFileType = image.png; path = icon_places_white.png; sourceTree = "<group>"; };
		C28F3A5D13328DBC006F36F8 /* icon_places_white@2x.png */ = {isa = PBXFileReference; lastKnownFileType = image.png; path = "icon_places_white@2x.png"; sourceTree = "<group>"; };
		C28F3A6413328DBC006F36F8 /* icon_stats.png */ = {isa = PBXFileReference; lastKnownFileType = image.png; path = icon_stats.png; sourceTree = "<group>"; };
		C28F3A6513328DBC006F36F8 /* icon_stats@2x.png */ = {isa = PBXFileReference; lastKnownFileType = image.png; path = "icon_stats@2x.png"; sourceTree = "<group>"; };
		C28F3A6613328DBC006F36F8 /* icon_stats_white.png */ = {isa = PBXFileReference; lastKnownFileType = image.png; path = icon_stats_white.png; sourceTree = "<group>"; };
		C28F3A6713328DBC006F36F8 /* icon_stats_white@2x.png */ = {isa = PBXFileReference; lastKnownFileType = image.png; path = "icon_stats_white@2x.png"; sourceTree = "<group>"; };
		C28F3A7313328DBC006F36F8 /* gradient.png */ = {isa = PBXFileReference; lastKnownFileType = image.png; path = gradient.png; sourceTree = "<group>"; };
		C28F3A7413328DBC006F36F8 /* gradient@2x.png */ = {isa = PBXFileReference; lastKnownFileType = image.png; path = "gradient@2x.png"; sourceTree = "<group>"; };
		C28F3AA413328E34006F36F8 /* Default-Landscape~ipad.png */ = {isa = PBXFileReference; lastKnownFileType = image.png; path = "Default-Landscape~ipad.png"; sourceTree = "<group>"; };
		C28F3AA513328E34006F36F8 /* Default-Portrait~ipad.png */ = {isa = PBXFileReference; lastKnownFileType = image.png; path = "Default-Portrait~ipad.png"; sourceTree = "<group>"; };
		C28F3AA613328E34006F36F8 /* Icon-72.png */ = {isa = PBXFileReference; lastKnownFileType = image.png; path = "Icon-72.png"; sourceTree = "<group>"; };
		C28F3AA713328E34006F36F8 /* Icon-Small-50.png */ = {isa = PBXFileReference; lastKnownFileType = image.png; path = "Icon-Small-50.png"; sourceTree = "<group>"; };
		C28F3AAC13328E82006F36F8 /* header_logo.png */ = {isa = PBXFileReference; lastKnownFileType = image.png; path = header_logo.png; sourceTree = "<group>"; };
		C28F3AAD13328E82006F36F8 /* header_logo@2x.png */ = {isa = PBXFileReference; lastKnownFileType = image.png; path = "header_logo@2x.png"; sourceTree = "<group>"; };
		C28F3ABC13329B20006F36F8 /* omni_mobile.h */ = {isa = PBXFileReference; fileEncoding = 4; lastKnownFileType = sourcecode.c.h; name = omni_mobile.h; path = headers/omni_mobile.h; sourceTree = "<group>"; };
		C29A2E33132E9DE8005EAB37 /* libcommons_ui_mobile.a */ = {isa = PBXFileReference; explicitFileType = archive.ar; path = libcommons_ui_mobile.a; sourceTree = BUILT_PRODUCTS_DIR; };
		C2BF35D71340B568004E4524 /* building_white.png */ = {isa = PBXFileReference; lastKnownFileType = image.png; name = building_white.png; path = building/building_white.png; sourceTree = "<group>"; };
		C2BF35D81340B568004E4524 /* building_white@x2.png */ = {isa = PBXFileReference; lastKnownFileType = image.png; name = "building_white@x2.png"; path = "building/building_white@x2.png"; sourceTree = "<group>"; };
		C2BF35DD1340B58A004E4524 /* user.png */ = {isa = PBXFileReference; lastKnownFileType = image.png; name = user.png; path = resources/images/header_icons/user/user.png; sourceTree = "<group>"; };
		C2BF35DE1340B58A004E4524 /* user@2x.png */ = {isa = PBXFileReference; lastKnownFileType = image.png; name = "user@2x.png"; path = "resources/images/header_icons/user/user@2x.png"; sourceTree = "<group>"; };
		C2C2F9FB132E94800038B41E /* commons_ui_mobile.xcodeproj */ = {isa = PBXFileReference; lastKnownFileType = "wrapper.pb-project"; name = commons_ui_mobile.xcodeproj; path = ../commons_ui_mobile/commons_ui_mobile.xcodeproj; sourceTree = "<group>"; };
		C2C2FA0E132E979A0038B41E /* Settings.bundle */ = {isa = PBXFileReference; lastKnownFileType = "wrapper.plug-in"; name = Settings.bundle; path = support/Settings.bundle; sourceTree = "<group>"; };
		C2D176061330464D00095322 /* en */ = {isa = PBXFileReference; fileEncoding = 4; lastKnownFileType = text.plist.strings; name = en; path = en.lproj/Localizable.strings; sourceTree = "<group>"; };
		C2D176081330465200095322 /* pt */ = {isa = PBXFileReference; fileEncoding = 4; lastKnownFileType = text.plist.strings; name = pt; path = pt.lproj/Localizable.strings; sourceTree = "<group>"; };
		C2D1760C133046D000095322 /* en */ = {isa = PBXFileReference; fileEncoding = 4; lastKnownFileType = text.plist.strings; name = en; path = en.lproj/InfoPlist.strings; sourceTree = "<group>"; };
		C2D1760E133046DB00095322 /* pt */ = {isa = PBXFileReference; fileEncoding = 4; lastKnownFileType = text.plist.strings; name = pt; path = pt.lproj/InfoPlist.strings; sourceTree = "<group>"; };
		C2DBDC13132A42D5006C6E07 /* omni_mobile_test.octest */ = {isa = PBXFileReference; explicitFileType = wrapper.cfbundle; includeInIndex = 0; path = omni_mobile_test.octest; sourceTree = BUILT_PRODUCTS_DIR; };
		C2FEBD5F1340AB8800CBB51E /* building.png */ = {isa = PBXFileReference; lastKnownFileType = image.png; name = building.png; path = building/building.png; sourceTree = "<group>"; };
		C2FEBD601340AB8800CBB51E /* building@2x.png */ = {isa = PBXFileReference; lastKnownFileType = image.png; name = "building@2x.png"; path = "building/building@2x.png"; sourceTree = "<group>"; };
		C2FEBD651340ABA500CBB51E /* box.png */ = {isa = PBXFileReference; lastKnownFileType = image.png; name = box.png; path = resources/images/header_icons/box/box.png; sourceTree = "<group>"; };
		C2FEBD661340ABA500CBB51E /* box@2x.png */ = {isa = PBXFileReference; lastKnownFileType = image.png; name = "box@2x.png"; path = "resources/images/header_icons/box/box@2x.png"; sourceTree = "<group>"; };
		C2FEBD691340ABAD00CBB51E /* box_building.png */ = {isa = PBXFileReference; lastKnownFileType = image.png; name = box_building.png; path = resources/images/header_icons/box_building/box_building.png; sourceTree = "<group>"; };
		C2FEBD6A1340ABAD00CBB51E /* box_building@x2.png */ = {isa = PBXFileReference; lastKnownFileType = image.png; name = "box_building@x2.png"; path = "resources/images/header_icons/box_building/box_building@x2.png"; sourceTree = "<group>"; };
/* End PBXFileReference section */

/* Begin PBXFrameworksBuildPhase section */
		C28EFF3313295A31007CBA34 /* Frameworks */ = {
			isa = PBXFrameworksBuildPhase;
			buildActionMask = 2147483647;
			files = (
				C29A2E34132E9DE8005EAB37 /* libcommons_ui_mobile.a in Frameworks */,
				C23F3D8A132E5965003155EE /* libcommons_mobile.a in Frameworks */,
				C23F3D86132E5932003155EE /* libjson_mobile.a in Frameworks */,
				C23F3DAF132E7480003155EE /* QuartzCore.framework in Frameworks */,
				C28EFF3B13295A31007CBA34 /* UIKit.framework in Frameworks */,
				C28EFF3D13295A31007CBA34 /* Foundation.framework in Frameworks */,
				C28EFF3F13295A31007CBA34 /* CoreGraphics.framework in Frameworks */,
			);
			runOnlyForDeploymentPostprocessing = 0;
		};
		C2DBDC0F132A42D5006C6E07 /* Frameworks */ = {
			isa = PBXFrameworksBuildPhase;
			buildActionMask = 2147483647;
			files = (
				C2DBDC14132A42D5006C6E07 /* UIKit.framework in Frameworks */,
				C2DBDC15132A42D5006C6E07 /* Foundation.framework in Frameworks */,
				C2DBDC16132A42D5006C6E07 /* CoreGraphics.framework in Frameworks */,
			);
			runOnlyForDeploymentPostprocessing = 0;
		};
/* End PBXFrameworksBuildPhase section */

/* Begin PBXGroup section */
		0E5BA8FC1344DECA00BAD34B /* Stores */ = {
			isa = PBXGroup;
			children = (
				0E5BA8FD1344DF3000BAD34B /* icon_stores_white.png */,
				0E5BA8FE1344DF3000BAD34B /* icon_stores_white@x2.png */,
				0E5BA8FF1344DF3000BAD34B /* icon_stores.png */,
				0E5BA9001344DF3000BAD34B /* icon_stores@2x.png */,
			);
			name = Stores;
			sourceTree = "<group>";
		};
		0EB880EF1345074600D94B07 /* Building */ = {
			isa = PBXGroup;
			children = (
				0EB880F01345079E00D94B07 /* building.png */,
				0EB880F11345079E00D94B07 /* building@2x.png */,
			);
			name = Building;
			sourceTree = "<group>";
		};
		C20CDB8A133377F5008A4FE3 /* Main */ = {
			isa = PBXGroup;
			children = (
				C212D8A5132A47CE00E2A078 /* main.m */,
			);
			name = Main;
			sourceTree = "<group>";
		};
		C20CDB8B133377FF008A4FE3 /* Application */ = {
			isa = PBXGroup;
			children = (
				C212D8A8132A47CE00E2A078 /* OmniMobileAppDelegate.h */,
				C212D8A9132A47CE00E2A078 /* OmniMobileAppDelegate.m */,
			);
			name = Application;
			sourceTree = "<group>";
		};
		C20CDB8C1333780F008A4FE3 /* View Controllers */ = {
			isa = PBXGroup;
			children = (
				0E85BD0D133BAF4400F3E65B /* InventoryItemStoreViewController.h */,
				0E85BD0E133BAF4600F3E65B /* InventoryItemStoreViewController.m */,
				0E85BD08133B81C800F3E65B /* InventoryItemViewController.h */,
				0E85BD09133B81CA00F3E65B /* InventoryItemViewController.m */,
				0E85BD05133B7C5F00F3E65B /* InventoryViewController.h */,
				0E85BD06133B7C5F00F3E65B /* InventoryViewController.m */,
				C24A0E621338B1F000D8C7EC /* LoginViewController.h */,
				C24A0E631338B1F000D8C7EC /* LoginViewController.m */,
				C226C240132A781B00427656 /* MenuViewController.h */,
				C226C241132A781B00427656 /* MenuViewController.m */,
				0E5BA8ED1344D62700BAD34B /* StoresViewController.h */,
				0E5BA8EE1344D62700BAD34B /* StoresViewController.m */,
				0E5BA9051344E29300BAD34B /* StoreViewController.h */,
				0E5BA9061344E29400BAD34B /* StoreViewController.m */,
				C212D8AA132A47CE00E2A078 /* UsersViewController.h */,
				C212D8AB132A47CE00E2A078 /* UsersViewController.m */,
				C212D8AC132A47CE00E2A078 /* UserViewController.h */,
				C212D8AD132A47CE00E2A078 /* UserViewController.m */,
			);
			name = "View Controllers";
			sourceTree = "<group>";
		};
		C20CDB8D1333781F008A4FE3 /* Dependencies */ = {
			isa = PBXGroup;
			children = (
				C20CDB8E1333782D008A4FE3 /* Dependencies.h */,
			);
			name = Dependencies;
			sourceTree = "<group>";
		};
		C20CDB8F133378EC008A4FE3 /* Headers */ = {
			isa = PBXGroup;
			children = (
				C20CDB9013337933008A4FE3 /* omni_mobile_test.h */,
			);
			name = Headers;
			sourceTree = "<group>";
		};
		C20DE8F2132BC6EE0028EAD7 /* Products */ = {
			isa = PBXGroup;
			children = (
				C20DE8F6132BC6EE0028EAD7 /* libjson_mobile.a */,
			);
			name = Products;
			sourceTree = "<group>";
		};
		C212D89A132A469800E2A078 /* Classes */ = {
			isa = PBXGroup;
			children = (
				C20CDB8D1333781F008A4FE3 /* Dependencies */,
				C20CDB8C1333780F008A4FE3 /* View Controllers */,
				C20CDB8B133377FF008A4FE3 /* Application */,
				C20CDB8A133377F5008A4FE3 /* Main */,
			);
			name = Classes;
			sourceTree = "<group>";
		};
		C212D8C0132A481C00E2A078 /* Nibs */ = {
			isa = PBXGroup;
			children = (
				C24A0E6D1338B9BB00D8C7EC /* LoginViewController.xib */,
				C226C243132A782500427656 /* MenuViewController.xib */,
				C212D8C1132A482800E2A078 /* MainWindow.xib */,
				0E5BA8F11344D7A300BAD34B /* StoresViewController.xib */,
				0E5BA9081344E2A900BAD34B /* StoreViewController.xib */,
				C212D8C2132A482800E2A078 /* UsersViewController.xib */,
				C212D8C3132A482800E2A078 /* UserViewController.xib */,
				0E85BD0B133B826500F3E65B /* InventoryItemViewController.xib */,
				0E85BD10133BB71300F3E65B /* InventoryItemStoreViewController.xib */,
				0E85BD03133B7BD900F3E65B /* InventoryViewController.xib */,
			);
			name = Nibs;
			sourceTree = "<group>";
		};
		C212D8C7132A483100E2A078 /* Classes */ = {
			isa = PBXGroup;
			children = (
				C20CDB9113337953008A4FE3 /* Dependencies.h */,
				C212D8C8132A483D00E2A078 /* OmniMobileTest.h */,
				C212D8C9132A483D00E2A078 /* OmniMobileTest.m */,
			);
			name = Classes;
			sourceTree = "<group>";
		};
		C212D8CB132A484700E2A078 /* en.lproj */ = {
			isa = PBXGroup;
			children = (
				C212D8CC132A484700E2A078 /* InfoPlist.strings */,
			);
			name = en.lproj;
			path = support/en.lproj;
			sourceTree = "<group>";
		};
		C226C24D132A7D6800427656 /* Resources */ = {
			isa = PBXGroup;
			children = (
				C226C24F132A7D7100427656 /* Images */,
			);
			name = Resources;
			sourceTree = "<group>";
		};
		C226C24F132A7D7100427656 /* Images */ = {
			isa = PBXGroup;
			children = (
				C2FEBD5E1340AB6F00CBB51E /* Header Icons */,
				C28F3A3C13328DBC006F36F8 /* Base */,
				C28F3A4413328DBC006F36F8 /* Icons */,
				C28F3A7213328DBC006F36F8 /* System */,
				C28F3A7513328DBC006F36F8 /* Ui */,
			);
			name = Images;
			sourceTree = "<group>";
		};
		C23F3DA4132E735C003155EE /* IPad */ = {
			isa = PBXGroup;
			children = (
				C23F3DB4132E7572003155EE /* Resources */,
				C23F3DA5132E7372003155EE /* Nibs */,
			);
			name = IPad;
			sourceTree = "<group>";
		};
		C23F3DA5132E7372003155EE /* Nibs */ = {
			isa = PBXGroup;
			children = (
				C23F3DA6132E737B003155EE /* MainWindow-iPad.xib */,
			);
			name = Nibs;
			sourceTree = "<group>";
		};
		C23F3DB4132E7572003155EE /* Resources */ = {
			isa = PBXGroup;
			children = (
				C23F3DB5132E757E003155EE /* Images */,
			);
			name = Resources;
			sourceTree = "<group>";
		};
		C23F3DB5132E757E003155EE /* Images */ = {
			isa = PBXGroup;
			children = (
				C264B2B5133B671700A87388 /* Ui */,
				C28F3AA313328E34006F36F8 /* Base */,
			);
			name = Images;
			sourceTree = "<group>";
		};
		C24323F3132E2D2800BB72E0 /* Products */ = {
			isa = PBXGroup;
			children = (
				C24323F7132E2D2800BB72E0 /* libcommons_mobile.a */,
			);
			name = Products;
			sourceTree = "<group>";
		};
		C264B2B5133B671700A87388 /* Ui */ = {
			isa = PBXGroup;
			children = (
				0E0BC4EC133B795000C38C28 /* welcome_background~ipad.png */,
			);
			name = Ui;
			sourceTree = "<group>";
		};
		C28EFF2B13295A31007CBA34 = {
			isa = PBXGroup;
			children = (
				C2C2F9FB132E94800038B41E /* commons_ui_mobile.xcodeproj */,
				C24323F2132E2D2800BB72E0 /* commons_mobile.xcodeproj */,
				C20DE8F1132BC6EE0028EAD7 /* json_mobile.xcodeproj */,
				C28EFF4013295A31007CBA34 /* Omni Mobile */,
				C2DBDC17132A42D5006C6E07 /* Omni Mobile Test */,
				C28EFF3913295A31007CBA34 /* Frameworks */,
				C28EFF3713295A31007CBA34 /* Products */,
			);
			sourceTree = "<group>";
		};
		C28EFF3713295A31007CBA34 /* Products */ = {
			isa = PBXGroup;
			children = (
				C28EFF3613295A31007CBA34 /* omni_mobile.app */,
				C2DBDC13132A42D5006C6E07 /* omni_mobile_test.octest */,
			);
			name = Products;
			sourceTree = "<group>";
		};
		C28EFF3913295A31007CBA34 /* Frameworks */ = {
			isa = PBXGroup;
			children = (
				A57BEA56132E72F0000478F7 /* QuartzCore.framework */,
				C28EFF3A13295A31007CBA34 /* UIKit.framework */,
				C28EFF3C13295A31007CBA34 /* Foundation.framework */,
				C28EFF3E13295A31007CBA34 /* CoreGraphics.framework */,
				C29A2E33132E9DE8005EAB37 /* libcommons_ui_mobile.a */,
				C23F3D89132E5965003155EE /* libcommons_mobile.a */,
				C23F3D85132E5932003155EE /* libjson_mobile.a */,
			);
			name = Frameworks;
			sourceTree = "<group>";
		};
		C28EFF4013295A31007CBA34 /* Omni Mobile */ = {
			isa = PBXGroup;
			children = (
				C28F3ABB13329AA9006F36F8 /* Headers */,
				C23F3DA4132E735C003155EE /* IPad */,
				C226C24D132A7D6800427656 /* Resources */,
				C212D8C0132A481C00E2A078 /* Nibs */,
				C212D89A132A469800E2A078 /* Classes */,
				C28EFF4113295A31007CBA34 /* Support */,
			);
			name = "Omni Mobile";
			path = omni_mobile;
			sourceTree = "<group>";
		};
		C28EFF4113295A31007CBA34 /* Support */ = {
			isa = PBXGroup;
			children = (
				C2D1760D133046D000095322 /* InfoPlist.strings */,
				C2D176071330464D00095322 /* Localizable.strings */,
				C2C2FA0E132E979A0038B41E /* Settings.bundle */,
				C212D8BA132A47E700E2A078 /* omni_mobile-Info.plist */,
				C212D8BB132A47E700E2A078 /* omni_mobile-Prefix.pch */,
			);
			name = Support;
			sourceTree = "<group>";
		};
		C28F3A3C13328DBC006F36F8 /* Base */ = {
			isa = PBXGroup;
			children = (
				C28F3A3D13328DBC006F36F8 /* Default.png */,
				C28F3A3E13328DBC006F36F8 /* Default@2x.png */,
				C28F3A3F13328DBC006F36F8 /* Icon-Small.png */,
				C28F3A4013328DBC006F36F8 /* Icon-Small@2x.png */,
				C28F3A4113328DBC006F36F8 /* Icon.png */,
				C28F3A4213328DBC006F36F8 /* Icon@2x.png */,
				C28F3A4313328DBC006F36F8 /* iTunesArtwork.png */,
			);
			name = Base;
			path = resources/images/base;
			sourceTree = "<group>";
		};
		C28F3A4413328DBC006F36F8 /* Icons */ = {
			isa = PBXGroup;
			children = (
				C2FEBD5D1340AB6900CBB51E /* Building */,
				C28F3A4513328DBC006F36F8 /* Purchases */,
				C28F3A4A13328DBC006F36F8 /* Highlights */,
				C28F3A4F13328DBC006F36F8 /* Mail */,
				C28F3A5413328DBC006F36F8 /* Phone */,
				C28F3A5913328DBC006F36F8 /* Places */,
				C28F3A5E13328DBC006F36F8 /* Sales */,
				C28F3A6313328DBC006F36F8 /* Stats */,
				0E5BA8FC1344DECA00BAD34B /* Stores */,
				C28F3A6813328DBC006F36F8 /* Inventory */,
				C28F3A6D13328DBC006F36F8 /* Users */,
			);
			name = Icons;
			path = resources/images/icons;
			sourceTree = "<group>";
		};
		C28F3A4513328DBC006F36F8 /* Purchases */ = {
			isa = PBXGroup;
			children = (
				C24A0E501338B08000D8C7EC /* icon_purchases_white.png */,
				C24A0E511338B08000D8C7EC /* icon_purchases_white@2x.png */,
				C24A0E521338B08000D8C7EC /* icon_purchases.png */,
				C24A0E531338B08000D8C7EC /* icon_purchases@2x.png */,
			);
			name = Purchases;
			path = buy;
			sourceTree = "<group>";
		};
		C28F3A4A13328DBC006F36F8 /* Highlights */ = {
			isa = PBXGroup;
			children = (
				C28F3A4B13328DBC006F36F8 /* icon_highlights.png */,
				C28F3A4C13328DBC006F36F8 /* icon_highlights@2x.png */,
				C28F3A4D13328DBC006F36F8 /* icon_highlights_white.png */,
				C28F3A4E13328DBC006F36F8 /* icon_highlights_white@2x.png */,
			);
			name = Highlights;
			path = highlights;
			sourceTree = "<group>";
		};
		C28F3A4F13328DBC006F36F8 /* Mail */ = {
			isa = PBXGroup;
			children = (
				C28F3A5013328DBC006F36F8 /* icon_mail.png */,
				C28F3A5113328DBC006F36F8 /* icon_mail@2x.png */,
				C28F3A5213328DBC006F36F8 /* icon_mail_white.png */,
				C28F3A5313328DBC006F36F8 /* icon_mail_white@2x.png */,
			);
			name = Mail;
			path = mail;
			sourceTree = "<group>";
		};
		C28F3A5413328DBC006F36F8 /* Phone */ = {
			isa = PBXGroup;
			children = (
				C28F3A5513328DBC006F36F8 /* icon_phone.png */,
				C28F3A5613328DBC006F36F8 /* icon_phone@2x.png */,
				C28F3A5713328DBC006F36F8 /* icon_phone_white.png */,
				C28F3A5813328DBC006F36F8 /* icon_phone_white@2x.png */,
			);
			name = Phone;
			path = phone;
			sourceTree = "<group>";
		};
		C28F3A5913328DBC006F36F8 /* Places */ = {
			isa = PBXGroup;
			children = (
				C28F3A5A13328DBC006F36F8 /* icon_places.png */,
				C28F3A5B13328DBC006F36F8 /* icon_places@2x.png */,
				C28F3A5C13328DBC006F36F8 /* icon_places_white.png */,
				C28F3A5D13328DBC006F36F8 /* icon_places_white@2x.png */,
			);
			name = Places;
			path = places;
			sourceTree = "<group>";
		};
		C28F3A5E13328DBC006F36F8 /* Sales */ = {
			isa = PBXGroup;
			children = (
				C24A0E481338B01400D8C7EC /* icon_sales_white.png */,
				C24A0E491338B01400D8C7EC /* icon_sales_white@2x.png */,
				C24A0E4A1338B01400D8C7EC /* icon_sales.png */,
				C24A0E4B1338B01400D8C7EC /* icon_sales@2x.png */,
			);
			name = Sales;
			path = sale;
			sourceTree = "<group>";
		};
		C28F3A6313328DBC006F36F8 /* Stats */ = {
			isa = PBXGroup;
			children = (
				C28F3A6413328DBC006F36F8 /* icon_stats.png */,
				C28F3A6513328DBC006F36F8 /* icon_stats@2x.png */,
				C28F3A6613328DBC006F36F8 /* icon_stats_white.png */,
				C28F3A6713328DBC006F36F8 /* icon_stats_white@2x.png */,
			);
			name = Stats;
			path = stats;
			sourceTree = "<group>";
		};
		C28F3A6813328DBC006F36F8 /* Inventory */ = {
			isa = PBXGroup;
			children = (
				C24A0E401338AF7600D8C7EC /* icon_inventory_white.png */,
				C24A0E411338AF7600D8C7EC /* icon_inventory_white@2x.png */,
				C24A0E421338AF7600D8C7EC /* icon_inventory.png */,
				C24A0E431338AF7600D8C7EC /* icon_inventory@2x.png */,
			);
			name = Inventory;
			path = stock;
			sourceTree = "<group>";
		};
		C28F3A6D13328DBC006F36F8 /* Users */ = {
			isa = PBXGroup;
			children = (
				C24A0E581338B11800D8C7EC /* icon_users_white.png */,
				C24A0E591338B11800D8C7EC /* icon_users_white@2x.png */,
				C24A0E5A1338B11800D8C7EC /* icon_users.png */,
				C24A0E5B1338B11800D8C7EC /* icon_users@2x.png */,
			);
			name = Users;
			path = user;
			sourceTree = "<group>";
		};
		C28F3A7213328DBC006F36F8 /* System */ = {
			isa = PBXGroup;
			children = (
				C20FC5A41337B97600FDBE8D /* white_button.png */,
				C20FC5A51337B97600FDBE8D /* white_button_pressed.png */,
				C28F3A7313328DBC006F36F8 /* gradient.png */,
				C28F3A7413328DBC006F36F8 /* gradient@2x.png */,
			);
			name = System;
			path = resources/images/system;
			sourceTree = "<group>";
		};
		C28F3A7513328DBC006F36F8 /* Ui */ = {
			isa = PBXGroup;
			children = (
				C24A0E651338B65E00D8C7EC /* welcome_logo.png */,
				C24A0E661338B65E00D8C7EC /* welcome_logo@2x.png */,
				C24A0E671338B65E00D8C7EC /* welcome_background.png */,
				C24A0E681338B65E00D8C7EC /* welcome_background@2x.png */,
				C28F3AAC13328E82006F36F8 /* header_logo.png */,
				C28F3AAD13328E82006F36F8 /* header_logo@2x.png */,
			);
			name = Ui;
			path = resources/images/ui;
			sourceTree = "<group>";
		};
		C28F3AA313328E34006F36F8 /* Base */ = {
			isa = PBXGroup;
			children = (
				C28F3AA413328E34006F36F8 /* Default-Landscape~ipad.png */,
				C28F3AA513328E34006F36F8 /* Default-Portrait~ipad.png */,
				C28F3AA613328E34006F36F8 /* Icon-72.png */,
				C28F3AA713328E34006F36F8 /* Icon-Small-50.png */,
			);
			name = Base;
			path = ipad/resources/images/base;
			sourceTree = "<group>";
		};
		C28F3ABB13329AA9006F36F8 /* Headers */ = {
			isa = PBXGroup;
			children = (
				C28F3ABC13329B20006F36F8 /* omni_mobile.h */,
			);
			name = Headers;
			sourceTree = "<group>";
		};
		C2BF35DC1340B57D004E4524 /* User */ = {
			isa = PBXGroup;
			children = (
				C2BF35DD1340B58A004E4524 /* user.png */,
				C2BF35DE1340B58A004E4524 /* user@2x.png */,
			);
			name = User;
			sourceTree = "<group>";
		};
		C2C2F9FC132E94800038B41E /* Products */ = {
			isa = PBXGroup;
			children = (
				C2C2FA00132E94800038B41E /* libcommons_ui_mobile.a */,
			);
			name = Products;
			sourceTree = "<group>";
		};
		C2DBDC17132A42D5006C6E07 /* Omni Mobile Test */ = {
			isa = PBXGroup;
			children = (
				C20CDB8F133378EC008A4FE3 /* Headers */,
				C212D8C7132A483100E2A078 /* Classes */,
				C2DBDC18132A42D5006C6E07 /* Support */,
			);
			name = "Omni Mobile Test";
			path = omni_mobile_test;
			sourceTree = "<group>";
		};
		C2DBDC18132A42D5006C6E07 /* Support */ = {
			isa = PBXGroup;
			children = (
				C212D8CB132A484700E2A078 /* en.lproj */,
				C212D8CE132A484700E2A078 /* omni_mobile_test-Info.plist */,
				C212D8CF132A484700E2A078 /* omni_mobile_test-Prefix.pch */,
			);
			name = Support;
			sourceTree = "<group>";
		};
		C2FEBD5D1340AB6900CBB51E /* Building */ = {
			isa = PBXGroup;
			children = (
				C2BF35D71340B568004E4524 /* building_white.png */,
				C2BF35D81340B568004E4524 /* building_white@x2.png */,
				C2FEBD5F1340AB8800CBB51E /* building.png */,
				C2FEBD601340AB8800CBB51E /* building@2x.png */,
			);
			name = Building;
			sourceTree = "<group>";
		};
		C2FEBD5E1340AB6F00CBB51E /* Header Icons */ = {
			isa = PBXGroup;
			children = (
				C2BF35DC1340B57D004E4524 /* User */,
				C2FEBD641340AB9500CBB51E /* Box Building */,
				C2FEBD631340AB8D00CBB51E /* Box */,
				0EB880EF1345074600D94B07 /* Building */,
			);
			name = "Header Icons";
			sourceTree = "<group>";
		};
		C2FEBD631340AB8D00CBB51E /* Box */ = {
			isa = PBXGroup;
			children = (
				C2FEBD651340ABA500CBB51E /* box.png */,
				C2FEBD661340ABA500CBB51E /* box@2x.png */,
			);
			name = Box;
			sourceTree = "<group>";
		};
		C2FEBD641340AB9500CBB51E /* Box Building */ = {
			isa = PBXGroup;
			children = (
				C2FEBD691340ABAD00CBB51E /* box_building.png */,
				C2FEBD6A1340ABAD00CBB51E /* box_building@x2.png */,
			);
			name = "Box Building";
			sourceTree = "<group>";
		};
/* End PBXGroup section */

/* Begin PBXNativeTarget section */
		C28EFF3513295A31007CBA34 /* omni_mobile */ = {
			isa = PBXNativeTarget;
			buildConfigurationList = C28EFF6D13295A32007CBA34 /* Build configuration list for PBXNativeTarget "omni_mobile" */;
			buildPhases = (
				C28EFF3213295A31007CBA34 /* Sources */,
				C28EFF3313295A31007CBA34 /* Frameworks */,
				C28EFF3413295A31007CBA34 /* Resources */,
			);
			buildRules = (
			);
			dependencies = (
				C2C2FA02132E94890038B41E /* PBXTargetDependency */,
				C23F3D88132E5960003155EE /* PBXTargetDependency */,
				C20DE8F9132BC6F80028EAD7 /* PBXTargetDependency */,
			);
			name = omni_mobile;
			productName = omni_mobile;
			productReference = C28EFF3613295A31007CBA34 /* omni_mobile.app */;
			productType = "com.apple.product-type.application";
		};
		C2DBDC12132A42D5006C6E07 /* omni_mobile_test */ = {
			isa = PBXNativeTarget;
			buildConfigurationList = C2DBDC22132A42D5006C6E07 /* Build configuration list for PBXNativeTarget "omni_mobile_test" */;
			buildPhases = (
				C2DBDC0E132A42D5006C6E07 /* Sources */,
				C2DBDC0F132A42D5006C6E07 /* Frameworks */,
				C2DBDC10132A42D5006C6E07 /* Resources */,
				C2DBDC11132A42D5006C6E07 /* ShellScript */,
			);
			buildRules = (
			);
			dependencies = (
				C2DBDC26132A42DB006C6E07 /* PBXTargetDependency */,
			);
			name = omni_mobile_test;
			productName = omni_mobile_test;
			productReference = C2DBDC13132A42D5006C6E07 /* omni_mobile_test.octest */;
			productType = "com.apple.product-type.bundle";
		};
/* End PBXNativeTarget section */

/* Begin PBXProject section */
		C28EFF2D13295A31007CBA34 /* Project object */ = {
			isa = PBXProject;
			buildConfigurationList = C28EFF3013295A31007CBA34 /* Build configuration list for PBXProject "omni_mobile" */;
			compatibilityVersion = "Xcode 3.2";
			developmentRegion = English;
			hasScannedForEncodings = 0;
			knownRegions = (
				en,
				pt,
			);
			mainGroup = C28EFF2B13295A31007CBA34;
			productRefGroup = C28EFF3713295A31007CBA34 /* Products */;
			projectDirPath = "";
			projectReferences = (
				{
					ProductGroup = C24323F3132E2D2800BB72E0 /* Products */;
					ProjectRef = C24323F2132E2D2800BB72E0 /* commons_mobile.xcodeproj */;
				},
				{
					ProductGroup = C2C2F9FC132E94800038B41E /* Products */;
					ProjectRef = C2C2F9FB132E94800038B41E /* commons_ui_mobile.xcodeproj */;
				},
				{
					ProductGroup = C20DE8F2132BC6EE0028EAD7 /* Products */;
					ProjectRef = C20DE8F1132BC6EE0028EAD7 /* json_mobile.xcodeproj */;
				},
			);
			projectRoot = "";
			targets = (
				C28EFF3513295A31007CBA34 /* omni_mobile */,
				C2DBDC12132A42D5006C6E07 /* omni_mobile_test */,
			);
		};
/* End PBXProject section */

/* Begin PBXReferenceProxy section */
		C20DE8F6132BC6EE0028EAD7 /* libjson_mobile.a */ = {
			isa = PBXReferenceProxy;
			fileType = archive.ar;
			path = libjson_mobile.a;
			remoteRef = C20DE8F5132BC6EE0028EAD7 /* PBXContainerItemProxy */;
			sourceTree = BUILT_PRODUCTS_DIR;
		};
		C24323F7132E2D2800BB72E0 /* libcommons_mobile.a */ = {
			isa = PBXReferenceProxy;
			fileType = archive.ar;
			path = libcommons_mobile.a;
			remoteRef = C24323F6132E2D2800BB72E0 /* PBXContainerItemProxy */;
			sourceTree = BUILT_PRODUCTS_DIR;
		};
		C2C2FA00132E94800038B41E /* libcommons_ui_mobile.a */ = {
			isa = PBXReferenceProxy;
			fileType = archive.ar;
			path = libcommons_ui_mobile.a;
			remoteRef = C2C2F9FF132E94800038B41E /* PBXContainerItemProxy */;
			sourceTree = BUILT_PRODUCTS_DIR;
		};
/* End PBXReferenceProxy section */

/* Begin PBXResourcesBuildPhase section */
		C28EFF3413295A31007CBA34 /* Resources */ = {
			isa = PBXResourcesBuildPhase;
			buildActionMask = 2147483647;
			files = (
				C212D8BC132A47E700E2A078 /* InfoPlist.strings in Resources */,
				C212D8C4132A482800E2A078 /* MainWindow.xib in Resources */,
				C212D8C5132A482800E2A078 /* UsersViewController.xib in Resources */,
				C212D8C6132A482800E2A078 /* UserViewController.xib in Resources */,
				C226C244132A782500427656 /* MenuViewController.xib in Resources */,
				C23F3DA7132E737B003155EE /* MainWindow-iPad.xib in Resources */,
				C2C2FA0F132E979B0038B41E /* Settings.bundle in Resources */,
				C2D176051330464D00095322 /* Localizable.strings in Resources */,
				C2D1760B133046D000095322 /* InfoPlist.strings in Resources */,
				C28F3A7613328DBC006F36F8 /* Default.png in Resources */,
				C28F3A7713328DBC006F36F8 /* Default@2x.png in Resources */,
				C28F3A7813328DBC006F36F8 /* Icon-Small.png in Resources */,
				C28F3A7913328DBC006F36F8 /* Icon-Small@2x.png in Resources */,
				C28F3A7A13328DBC006F36F8 /* Icon.png in Resources */,
				C28F3A7B13328DBC006F36F8 /* Icon@2x.png in Resources */,
				C28F3A7C13328DBC006F36F8 /* iTunesArtwork.png in Resources */,
				C28F3A8113328DBC006F36F8 /* icon_highlights.png in Resources */,
				C28F3A8213328DBC006F36F8 /* icon_highlights@2x.png in Resources */,
				C28F3A8313328DBC006F36F8 /* icon_highlights_white.png in Resources */,
				C28F3A8413328DBC006F36F8 /* icon_highlights_white@2x.png in Resources */,
				C28F3A8513328DBC006F36F8 /* icon_mail.png in Resources */,
				C28F3A8613328DBC006F36F8 /* icon_mail@2x.png in Resources */,
				C28F3A8713328DBC006F36F8 /* icon_mail_white.png in Resources */,
				C28F3A8813328DBC006F36F8 /* icon_mail_white@2x.png in Resources */,
				C28F3A8913328DBC006F36F8 /* icon_phone.png in Resources */,
				C28F3A8A13328DBC006F36F8 /* icon_phone@2x.png in Resources */,
				C28F3A8B13328DBC006F36F8 /* icon_phone_white.png in Resources */,
				C28F3A8C13328DBC006F36F8 /* icon_phone_white@2x.png in Resources */,
				C28F3A8D13328DBC006F36F8 /* icon_places.png in Resources */,
				C28F3A8E13328DBC006F36F8 /* icon_places@2x.png in Resources */,
				C28F3A8F13328DBC006F36F8 /* icon_places_white.png in Resources */,
				C28F3A9013328DBC006F36F8 /* icon_places_white@2x.png in Resources */,
				C28F3A9513328DBC006F36F8 /* icon_stats.png in Resources */,
				C28F3A9613328DBC006F36F8 /* icon_stats@2x.png in Resources */,
				C28F3A9713328DBC006F36F8 /* icon_stats_white.png in Resources */,
				C28F3A9813328DBC006F36F8 /* icon_stats_white@2x.png in Resources */,
				C28F3AA113328DBC006F36F8 /* gradient.png in Resources */,
				C28F3AA213328DBC006F36F8 /* gradient@2x.png in Resources */,
				C28F3AA813328E34006F36F8 /* Default-Landscape~ipad.png in Resources */,
				C28F3AA913328E34006F36F8 /* Default-Portrait~ipad.png in Resources */,
				C28F3AAA13328E34006F36F8 /* Icon-72.png in Resources */,
				C28F3AAB13328E34006F36F8 /* Icon-Small-50.png in Resources */,
				C28F3AAE13328E82006F36F8 /* header_logo.png in Resources */,
				C28F3AAF13328E82006F36F8 /* header_logo@2x.png in Resources */,
				C20FC5A61337B97600FDBE8D /* white_button.png in Resources */,
				C20FC5A71337B97600FDBE8D /* white_button_pressed.png in Resources */,
				C24A0E441338AF7600D8C7EC /* icon_inventory_white.png in Resources */,
				C24A0E451338AF7600D8C7EC /* icon_inventory_white@2x.png in Resources */,
				C24A0E461338AF7600D8C7EC /* icon_inventory.png in Resources */,
				C24A0E471338AF7600D8C7EC /* icon_inventory@2x.png in Resources */,
				C24A0E4C1338B01400D8C7EC /* icon_sales_white.png in Resources */,
				C24A0E4D1338B01400D8C7EC /* icon_sales_white@2x.png in Resources */,
				C24A0E4E1338B01400D8C7EC /* icon_sales.png in Resources */,
				C24A0E4F1338B01400D8C7EC /* icon_sales@2x.png in Resources */,
				C24A0E541338B08000D8C7EC /* icon_purchases_white.png in Resources */,
				C24A0E551338B08000D8C7EC /* icon_purchases_white@2x.png in Resources */,
				C24A0E561338B08000D8C7EC /* icon_purchases.png in Resources */,
				C24A0E571338B08000D8C7EC /* icon_purchases@2x.png in Resources */,
				C24A0E5C1338B11800D8C7EC /* icon_users_white.png in Resources */,
				C24A0E5D1338B11800D8C7EC /* icon_users_white@2x.png in Resources */,
				C24A0E5E1338B11800D8C7EC /* icon_users.png in Resources */,
				C24A0E5F1338B11800D8C7EC /* icon_users@2x.png in Resources */,
				C24A0E691338B65E00D8C7EC /* welcome_logo.png in Resources */,
				C24A0E6A1338B65E00D8C7EC /* welcome_logo@2x.png in Resources */,
				C24A0E6B1338B65E00D8C7EC /* welcome_background.png in Resources */,
				C24A0E6C1338B65E00D8C7EC /* welcome_background@2x.png in Resources */,
				C24A0E6E1338B9BB00D8C7EC /* LoginViewController.xib in Resources */,
				0E0BC4ED133B795000C38C28 /* welcome_background~ipad.png in Resources */,
				0E85BD04133B7BD900F3E65B /* InventoryViewController.xib in Resources */,
				0E85BD0C133B826600F3E65B /* InventoryItemViewController.xib in Resources */,
				0E85BD11133BB71400F3E65B /* InventoryItemStoreViewController.xib in Resources */,
				C2FEBD611340AB8800CBB51E /* building.png in Resources */,
				C2FEBD621340AB8800CBB51E /* building@2x.png in Resources */,
				C2FEBD671340ABA500CBB51E /* box.png in Resources */,
				C2FEBD681340ABA500CBB51E /* box@2x.png in Resources */,
				C2FEBD6B1340ABAD00CBB51E /* box_building.png in Resources */,
				C2FEBD6C1340ABAD00CBB51E /* box_building@x2.png in Resources */,
				C2BF35D91340B568004E4524 /* building_white.png in Resources */,
				C2BF35DA1340B568004E4524 /* building_white@x2.png in Resources */,
				C2BF35DF1340B58A004E4524 /* user.png in Resources */,
				C2BF35E01340B58A004E4524 /* user@2x.png in Resources */,
				0E5BA8F21344D7A300BAD34B /* StoresViewController.xib in Resources */,
				0E5BA9011344DF3000BAD34B /* icon_stores_white.png in Resources */,
				0E5BA9021344DF3000BAD34B /* icon_stores_white@x2.png in Resources */,
				0E5BA9031344DF3000BAD34B /* icon_stores.png in Resources */,
				0E5BA9041344DF3000BAD34B /* icon_stores@2x.png in Resources */,
				0E5BA9091344E2A900BAD34B /* StoreViewController.xib in Resources */,
				0EB880F21345079E00D94B07 /* building.png in Resources */,
				0EB880F31345079E00D94B07 /* building@2x.png in Resources */,
			);
			runOnlyForDeploymentPostprocessing = 0;
		};
		C2DBDC10132A42D5006C6E07 /* Resources */ = {
			isa = PBXResourcesBuildPhase;
			buildActionMask = 2147483647;
			files = (
				C212D8D3132A488200E2A078 /* InfoPlist.strings in Resources */,
			);
			runOnlyForDeploymentPostprocessing = 0;
		};
/* End PBXResourcesBuildPhase section */

/* Begin PBXShellScriptBuildPhase section */
		C2DBDC11132A42D5006C6E07 /* ShellScript */ = {
			isa = PBXShellScriptBuildPhase;
			buildActionMask = 2147483647;
			files = (
			);
			inputPaths = (
			);
			outputPaths = (
			);
			runOnlyForDeploymentPostprocessing = 0;
			shellPath = /bin/sh;
			shellScript = "# Run the unit tests in this test bundle.\n\"${SYSTEM_DEVELOPER_DIR}/Tools/RunUnitTests\"\n";
		};
/* End PBXShellScriptBuildPhase section */

/* Begin PBXSourcesBuildPhase section */
		C28EFF3213295A31007CBA34 /* Sources */ = {
			isa = PBXSourcesBuildPhase;
			buildActionMask = 2147483647;
			files = (
				C212D8AE132A47CE00E2A078 /* main.m in Sources */,
				C212D8B0132A47CE00E2A078 /* OmniMobileAppDelegate.m in Sources */,
				C212D8B1132A47CE00E2A078 /* UsersViewController.m in Sources */,
				C212D8B2132A47CE00E2A078 /* UserViewController.m in Sources */,
				C226C242132A781B00427656 /* MenuViewController.m in Sources */,
				C24A0E641338B1F100D8C7EC /* LoginViewController.m in Sources */,
				0E85BD07133B7C5F00F3E65B /* InventoryViewController.m in Sources */,
				0E85BD0A133B81CC00F3E65B /* InventoryItemViewController.m in Sources */,
				0E85BD0F133BAF4C00F3E65B /* InventoryItemStoreViewController.m in Sources */,
				0E5BA8EF1344D62700BAD34B /* StoresViewController.m in Sources */,
				0E5BA9071344E29800BAD34B /* StoreViewController.m in Sources */,
			);
			runOnlyForDeploymentPostprocessing = 0;
		};
		C2DBDC0E132A42D5006C6E07 /* Sources */ = {
			isa = PBXSourcesBuildPhase;
			buildActionMask = 2147483647;
			files = (
				C212D8D2132A487A00E2A078 /* OmniMobileTest.m in Sources */,
			);
			runOnlyForDeploymentPostprocessing = 0;
		};
/* End PBXSourcesBuildPhase section */

/* Begin PBXTargetDependency section */
		C20DE8F9132BC6F80028EAD7 /* PBXTargetDependency */ = {
			isa = PBXTargetDependency;
			name = json_mobile;
			targetProxy = C20DE8F8132BC6F80028EAD7 /* PBXContainerItemProxy */;
		};
		C23F3D88132E5960003155EE /* PBXTargetDependency */ = {
			isa = PBXTargetDependency;
			name = commons_mobile;
			targetProxy = C23F3D87132E5960003155EE /* PBXContainerItemProxy */;
		};
		C2C2FA02132E94890038B41E /* PBXTargetDependency */ = {
			isa = PBXTargetDependency;
			name = commons_ui_mobile;
			targetProxy = C2C2FA01132E94890038B41E /* PBXContainerItemProxy */;
		};
		C2DBDC26132A42DB006C6E07 /* PBXTargetDependency */ = {
			isa = PBXTargetDependency;
			target = C28EFF3513295A31007CBA34 /* omni_mobile */;
			targetProxy = C2DBDC25132A42DB006C6E07 /* PBXContainerItemProxy */;
		};
/* End PBXTargetDependency section */

/* Begin PBXVariantGroup section */
		C212D8B4132A47E700E2A078 /* InfoPlist.strings */ = {
			isa = PBXVariantGroup;
			children = (
			);
			name = InfoPlist.strings;
			path = /Users/joamag/Desktop/omni_mobile_set/omni_mobile/omni_mobile/support/en.lproj;
			sourceTree = "<absolute>";
		};
		C212D8CC132A484700E2A078 /* InfoPlist.strings */ = {
			isa = PBXVariantGroup;
			children = (
				C212D8CD132A484700E2A078 /* en */,
			);
			name = InfoPlist.strings;
			sourceTree = "<group>";
		};
		C2D176071330464D00095322 /* Localizable.strings */ = {
			isa = PBXVariantGroup;
			children = (
				C2D176061330464D00095322 /* en */,
				C2D176081330465200095322 /* pt */,
			);
			name = Localizable.strings;
			path = support;
			sourceTree = "<group>";
		};
		C2D1760D133046D000095322 /* InfoPlist.strings */ = {
			isa = PBXVariantGroup;
			children = (
				C2D1760C133046D000095322 /* en */,
				C2D1760E133046DB00095322 /* pt */,
			);
			name = InfoPlist.strings;
			path = support;
			sourceTree = "<group>";
		};
/* End PBXVariantGroup section */

/* Begin XCBuildConfiguration section */
		C28EFF6B13295A32007CBA34 /* Debug */ = {
			isa = XCBuildConfiguration;
			buildSettings = {
				ARCHS = "$(ARCHS_STANDARD_32_BIT)";
				"CODE_SIGN_IDENTITY[sdk=iphoneos*]" = "iPhone Developer";
				GCC_C_LANGUAGE_STANDARD = gnu99;
				GCC_OPTIMIZATION_LEVEL = 0;
				GCC_PREPROCESSOR_DEFINITIONS = DEBUG;
				GCC_SYMBOLS_PRIVATE_EXTERN = NO;
				GCC_VERSION = com.apple.compilers.llvmgcc42;
				GCC_WARN_ABOUT_RETURN_TYPE = YES;
				GCC_WARN_UNUSED_VARIABLE = YES;
				IPHONEOS_DEPLOYMENT_TARGET = 4.0;
				SDKROOT = iphoneos;
			};
			name = Debug;
		};
		C28EFF6C13295A32007CBA34 /* Release */ = {
			isa = XCBuildConfiguration;
			buildSettings = {
				ARCHS = "$(ARCHS_STANDARD_32_BIT)";
				"CODE_SIGN_IDENTITY[sdk=iphoneos*]" = "iPhone Developer";
				GCC_C_LANGUAGE_STANDARD = gnu99;
				GCC_VERSION = com.apple.compilers.llvmgcc42;
				GCC_WARN_ABOUT_RETURN_TYPE = YES;
				GCC_WARN_UNUSED_VARIABLE = YES;
				IPHONEOS_DEPLOYMENT_TARGET = 4.0;
				OTHER_CFLAGS = "-DNS_BLOCK_ASSERTIONS=1";
				SDKROOT = iphoneos;
			};
			name = Release;
		};
		C28EFF6E13295A32007CBA34 /* Debug */ = {
			isa = XCBuildConfiguration;
			buildSettings = {
				ALWAYS_SEARCH_USER_PATHS = NO;
				COPY_PHASE_STRIP = NO;
				GCC_DYNAMIC_NO_PIC = NO;
				GCC_PRECOMPILE_PREFIX_HEADER = YES;
				GCC_PREFIX_HEADER = "omni_mobile/support/omni_mobile-Prefix.pch";
				INFOPLIST_FILE = "omni_mobile/support/omni_mobile-Info.plist";
				IPHONEOS_DEPLOYMENT_TARGET = 4.0;
				LIBRARY_SEARCH_PATHS = (
					"$(inherited)",
					"\"$(SRCROOT)\"",
				);
				PRODUCT_NAME = "$(TARGET_NAME)";
				TARGETED_DEVICE_FAMILY = "1,2";
				WRAPPER_EXTENSION = app;
			};
			name = Debug;
		};
		C28EFF6F13295A32007CBA34 /* Release */ = {
			isa = XCBuildConfiguration;
			buildSettings = {
				ALWAYS_SEARCH_USER_PATHS = NO;
				COPY_PHASE_STRIP = YES;
				GCC_PRECOMPILE_PREFIX_HEADER = YES;
				GCC_PREFIX_HEADER = "omni_mobile/support/omni_mobile-Prefix.pch";
				INFOPLIST_FILE = "omni_mobile/support/omni_mobile-Info.plist";
				IPHONEOS_DEPLOYMENT_TARGET = 4.0;
				LIBRARY_SEARCH_PATHS = (
					"$(inherited)",
					"\"$(SRCROOT)\"",
				);
				PRODUCT_NAME = "$(TARGET_NAME)";
				TARGETED_DEVICE_FAMILY = "1,2";
				VALIDATE_PRODUCT = YES;
				WRAPPER_EXTENSION = app;
			};
			name = Release;
		};
		C2DBDC23132A42D5006C6E07 /* Debug */ = {
			isa = XCBuildConfiguration;
			buildSettings = {
				ALWAYS_SEARCH_USER_PATHS = NO;
				FRAMEWORK_SEARCH_PATHS = (
					"$(SDKROOT)/Developer/Library/Frameworks",
					"$(DEVELOPER_LIBRARY_DIR)/Frameworks",
				);
				GCC_PRECOMPILE_PREFIX_HEADER = YES;
				GCC_PREFIX_HEADER = "omni_mobile_test/support/omni_mobile_test-Prefix.pch";
				INFOPLIST_FILE = "omni_mobile_test/support/omni_mobile_test-Info.plist";
				IPHONEOS_DEPLOYMENT_TARGET = 4.3;
				OTHER_LDFLAGS = (
					"-framework",
					SenTestingKit,
				);
				PRODUCT_NAME = "$(TARGET_NAME)";
				WRAPPER_EXTENSION = octest;
			};
			name = Debug;
		};
		C2DBDC24132A42D5006C6E07 /* Release */ = {
			isa = XCBuildConfiguration;
			buildSettings = {
				ALWAYS_SEARCH_USER_PATHS = NO;
				FRAMEWORK_SEARCH_PATHS = (
					"$(SDKROOT)/Developer/Library/Frameworks",
					"$(DEVELOPER_LIBRARY_DIR)/Frameworks",
				);
				GCC_PRECOMPILE_PREFIX_HEADER = YES;
				GCC_PREFIX_HEADER = "omni_mobile_test/support/omni_mobile_test-Prefix.pch";
				INFOPLIST_FILE = "omni_mobile_test/support/omni_mobile_test-Info.plist";
				IPHONEOS_DEPLOYMENT_TARGET = 4.3;
				OTHER_LDFLAGS = (
					"-framework",
					SenTestingKit,
				);
				PRODUCT_NAME = "$(TARGET_NAME)";
				WRAPPER_EXTENSION = octest;
			};
			name = Release;
		};
/* End XCBuildConfiguration section */

/* Begin XCConfigurationList section */
		C28EFF3013295A31007CBA34 /* Build configuration list for PBXProject "omni_mobile" */ = {
			isa = XCConfigurationList;
			buildConfigurations = (
				C28EFF6B13295A32007CBA34 /* Debug */,
				C28EFF6C13295A32007CBA34 /* Release */,
			);
			defaultConfigurationIsVisible = 0;
			defaultConfigurationName = Release;
		};
		C28EFF6D13295A32007CBA34 /* Build configuration list for PBXNativeTarget "omni_mobile" */ = {
			isa = XCConfigurationList;
			buildConfigurations = (
				C28EFF6E13295A32007CBA34 /* Debug */,
				C28EFF6F13295A32007CBA34 /* Release */,
			);
			defaultConfigurationIsVisible = 0;
			defaultConfigurationName = Release;
		};
		C2DBDC22132A42D5006C6E07 /* Build configuration list for PBXNativeTarget "omni_mobile_test" */ = {
			isa = XCConfigurationList;
			buildConfigurations = (
				C2DBDC23132A42D5006C6E07 /* Debug */,
				C2DBDC24132A42D5006C6E07 /* Release */,
			);
			defaultConfigurationIsVisible = 0;
			defaultConfigurationName = Release;
		};
/* End XCConfigurationList section */
	};
	rootObject = C28EFF2D13295A31007CBA34 /* Project object */;
}
