// !$*UTF8*$!
{
	archiveVersion = 1;
	classes = {
	};
	objectVersion = 46;
	objects = {

/* Begin PBXBuildFile section */
		A5DEAEC4132AA7D60071D848 /* disk_32x36.png in Resources */ = {isa = PBXBuildFile; fileRef = A5DEAEC3132AA7D60071D848 /* disk_32x36.png */; };
		C212D8AE132A47CE00E2A078 /* main.m in Sources */ = {isa = PBXBuildFile; fileRef = C212D8A5132A47CE00E2A078 /* main.m */; };
		C212D8B0132A47CE00E2A078 /* OmniMobileAppDelegate.m in Sources */ = {isa = PBXBuildFile; fileRef = C212D8A9132A47CE00E2A078 /* OmniMobileAppDelegate.m */; };
		C212D8B1132A47CE00E2A078 /* RootViewController.m in Sources */ = {isa = PBXBuildFile; fileRef = C212D8AB132A47CE00E2A078 /* RootViewController.m */; };
		C212D8B2132A47CE00E2A078 /* UserViewController.m in Sources */ = {isa = PBXBuildFile; fileRef = C212D8AD132A47CE00E2A078 /* UserViewController.m */; };
		C212D8BC132A47E700E2A078 /* InfoPlist.strings in Resources */ = {isa = PBXBuildFile; fileRef = C212D8B4132A47E700E2A078 /* InfoPlist.strings */; };
		C212D8C4132A482800E2A078 /* MainWindow.xib in Resources */ = {isa = PBXBuildFile; fileRef = C212D8C1132A482800E2A078 /* MainWindow.xib */; };
		C212D8C5132A482800E2A078 /* RootViewController.xib in Resources */ = {isa = PBXBuildFile; fileRef = C212D8C2132A482800E2A078 /* RootViewController.xib */; };
		C212D8C6132A482800E2A078 /* UserView.xib in Resources */ = {isa = PBXBuildFile; fileRef = C212D8C3132A482800E2A078 /* UserView.xib */; };
		C212D8D2132A487A00E2A078 /* OmniMobileTest.m in Sources */ = {isa = PBXBuildFile; fileRef = C212D8C9132A483D00E2A078 /* OmniMobileTest.m */; };
		C212D8D3132A488200E2A078 /* InfoPlist.strings in Resources */ = {isa = PBXBuildFile; fileRef = C212D8CC132A484700E2A078 /* InfoPlist.strings */; };
		C226C242132A781B00427656 /* MenuViewController.m in Sources */ = {isa = PBXBuildFile; fileRef = C226C241132A781B00427656 /* MenuViewController.m */; };
		C226C244132A782500427656 /* MenuViewController.xib in Resources */ = {isa = PBXBuildFile; fileRef = C226C243132A782500427656 /* MenuViewController.xib */; };
		C226C254132A7DE800427656 /* disk_48x48.png in Resources */ = {isa = PBXBuildFile; fileRef = C226C252132A7DE800427656 /* disk_48x48.png */; };
		C226C255132A7DE800427656 /* disk_64x64.png in Resources */ = {isa = PBXBuildFile; fileRef = C226C253132A7DE800427656 /* disk_64x64.png */; };
		C23F3D45132E3986003155EE /* omni_launch.png in Resources */ = {isa = PBXBuildFile; fileRef = C23F3D41132E3985003155EE /* omni_launch.png */; };
		C23F3D46132E3986003155EE /* omni_launch@2x.png in Resources */ = {isa = PBXBuildFile; fileRef = C23F3D42132E3986003155EE /* omni_launch@2x.png */; };
		C23F3D57132E3B5B003155EE /* omni.png in Resources */ = {isa = PBXBuildFile; fileRef = C23F3D55132E3B5B003155EE /* omni.png */; };
		C23F3D58132E3B5B003155EE /* omni@2x.png in Resources */ = {isa = PBXBuildFile; fileRef = C23F3D56132E3B5B003155EE /* omni@2x.png */; };
		C23F3D63132E4494003155EE /* omni_icon_sales.png in Resources */ = {isa = PBXBuildFile; fileRef = C23F3D61132E4493003155EE /* omni_icon_sales.png */; };
		C23F3D64132E4494003155EE /* omni_icon_sales@2x.png in Resources */ = {isa = PBXBuildFile; fileRef = C23F3D62132E4493003155EE /* omni_icon_sales@2x.png */; };
		C23F3D67132E46D6003155EE /* omni_icon_users.png in Resources */ = {isa = PBXBuildFile; fileRef = C23F3D65132E46D3003155EE /* omni_icon_users.png */; };
		C23F3D68132E46D6003155EE /* omni_icon_users@2x.png in Resources */ = {isa = PBXBuildFile; fileRef = C23F3D66132E46D4003155EE /* omni_icon_users@2x.png */; };
		C23F3D6B132E4865003155EE /* omni_icon_highlights.png in Resources */ = {isa = PBXBuildFile; fileRef = C23F3D69132E4861003155EE /* omni_icon_highlights.png */; };
		C23F3D6C132E4865003155EE /* omni_icon_highlights@2x.png in Resources */ = {isa = PBXBuildFile; fileRef = C23F3D6A132E4862003155EE /* omni_icon_highlights@2x.png */; };
		C23F3D81132E5800003155EE /* Default.png in Resources */ = {isa = PBXBuildFile; fileRef = C23F3D7F132E57FF003155EE /* Default.png */; };
		C23F3D82132E5800003155EE /* Default@2x.png in Resources */ = {isa = PBXBuildFile; fileRef = C23F3D80132E5800003155EE /* Default@2x.png */; };
		C23F3D86132E5932003155EE /* libjson_mobile.a in Frameworks */ = {isa = PBXBuildFile; fileRef = C23F3D85132E5932003155EE /* libjson_mobile.a */; };
		C23F3D8A132E5965003155EE /* libcommons_mobile.a in Frameworks */ = {isa = PBXBuildFile; fileRef = C23F3D89132E5965003155EE /* libcommons_mobile.a */; };
		C23F3DA7132E737B003155EE /* MainWindow-iPad.xib in Resources */ = {isa = PBXBuildFile; fileRef = C23F3DA6132E737B003155EE /* MainWindow-iPad.xib */; };
		C28EFF3B13295A31007CBA34 /* UIKit.framework in Frameworks */ = {isa = PBXBuildFile; fileRef = C28EFF3A13295A31007CBA34 /* UIKit.framework */; };
		C28EFF3D13295A31007CBA34 /* Foundation.framework in Frameworks */ = {isa = PBXBuildFile; fileRef = C28EFF3C13295A31007CBA34 /* Foundation.framework */; };
		C28EFF3F13295A31007CBA34 /* CoreGraphics.framework in Frameworks */ = {isa = PBXBuildFile; fileRef = C28EFF3E13295A31007CBA34 /* CoreGraphics.framework */; };
		C2DBDC14132A42D5006C6E07 /* UIKit.framework in Frameworks */ = {isa = PBXBuildFile; fileRef = C28EFF3A13295A31007CBA34 /* UIKit.framework */; };
		C2DBDC15132A42D5006C6E07 /* Foundation.framework in Frameworks */ = {isa = PBXBuildFile; fileRef = C28EFF3C13295A31007CBA34 /* Foundation.framework */; };
		C2DBDC16132A42D5006C6E07 /* CoreGraphics.framework in Frameworks */ = {isa = PBXBuildFile; fileRef = C28EFF3E13295A31007CBA34 /* CoreGraphics.framework */; };
/* End PBXBuildFile section */

/* Begin PBXContainerItemProxy section */
		C20DE8F5132BC6EE0028EAD7 /* PBXContainerItemProxy */ = {
			isa = PBXContainerItemProxy;
			containerPortal = C20DE8F1132BC6EE0028EAD7 /* json_mobile.xcodeproj */;
			proxyType = 2;
			remoteGlobalIDString = C2935B9B132AD9A600B39BE2;
			remoteInfo = json_mobile;
		};
		C20DE8F8132BC6F80028EAD7 /* PBXContainerItemProxy */ = {
			isa = PBXContainerItemProxy;
			containerPortal = C20DE8F1132BC6EE0028EAD7 /* json_mobile.xcodeproj */;
			proxyType = 1;
			remoteGlobalIDString = C2935B9A132AD9A600B39BE2;
			remoteInfo = json_mobile;
		};
		C23F3D87132E5960003155EE /* PBXContainerItemProxy */ = {
			isa = PBXContainerItemProxy;
			containerPortal = C24323F2132E2D2800BB72E0 /* commons_mobile.xcodeproj */;
			proxyType = 1;
			remoteGlobalIDString = C295F923132E265A00BC1B93;
			remoteInfo = commons_mobile;
		};
		C24323F6132E2D2800BB72E0 /* PBXContainerItemProxy */ = {
			isa = PBXContainerItemProxy;
			containerPortal = C24323F2132E2D2800BB72E0 /* commons_mobile.xcodeproj */;
			proxyType = 2;
			remoteGlobalIDString = C295F924132E265A00BC1B93;
			remoteInfo = commons_mobile;
		};
		C2DBDC25132A42DB006C6E07 /* PBXContainerItemProxy */ = {
			isa = PBXContainerItemProxy;
			containerPortal = C28EFF2D13295A31007CBA34 /* Project object */;
			proxyType = 1;
			remoteGlobalIDString = C28EFF3513295A31007CBA34;
			remoteInfo = omni_mobile;
		};
/* End PBXContainerItemProxy section */

/* Begin PBXFileReference section */
		A5DEAEC3132AA7D60071D848 /* disk_32x36.png */ = {isa = PBXFileReference; lastKnownFileType = image.png; name = disk_32x36.png; path = resources/images/disk_32x36.png; sourceTree = "<group>"; };
		C20DE8F1132BC6EE0028EAD7 /* json_mobile.xcodeproj */ = {isa = PBXFileReference; lastKnownFileType = "wrapper.pb-project"; name = json_mobile.xcodeproj; path = ../json_mobile/json_mobile.xcodeproj; sourceTree = "<group>"; };
		C212D8A5132A47CE00E2A078 /* main.m */ = {isa = PBXFileReference; fileEncoding = 4; lastKnownFileType = sourcecode.c.objc; name = main.m; path = classes/main.m; sourceTree = "<group>"; };
		C212D8A8132A47CE00E2A078 /* OmniMobileAppDelegate.h */ = {isa = PBXFileReference; fileEncoding = 4; lastKnownFileType = sourcecode.c.h; name = OmniMobileAppDelegate.h; path = classes/OmniMobileAppDelegate.h; sourceTree = "<group>"; };
		C212D8A9132A47CE00E2A078 /* OmniMobileAppDelegate.m */ = {isa = PBXFileReference; fileEncoding = 4; lastKnownFileType = sourcecode.c.objc; name = OmniMobileAppDelegate.m; path = classes/OmniMobileAppDelegate.m; sourceTree = "<group>"; };
		C212D8AA132A47CE00E2A078 /* RootViewController.h */ = {isa = PBXFileReference; fileEncoding = 4; lastKnownFileType = sourcecode.c.h; name = RootViewController.h; path = classes/RootViewController.h; sourceTree = "<group>"; };
		C212D8AB132A47CE00E2A078 /* RootViewController.m */ = {isa = PBXFileReference; fileEncoding = 4; lastKnownFileType = sourcecode.c.objc; name = RootViewController.m; path = classes/RootViewController.m; sourceTree = "<group>"; };
		C212D8AC132A47CE00E2A078 /* UserViewController.h */ = {isa = PBXFileReference; fileEncoding = 4; lastKnownFileType = sourcecode.c.h; name = UserViewController.h; path = classes/UserViewController.h; sourceTree = "<group>"; };
		C212D8AD132A47CE00E2A078 /* UserViewController.m */ = {isa = PBXFileReference; fileEncoding = 4; lastKnownFileType = sourcecode.c.objc; name = UserViewController.m; path = classes/UserViewController.m; sourceTree = "<group>"; };
		C212D8B5132A47E700E2A078 /* en */ = {isa = PBXFileReference; lastKnownFileType = text.plist.strings; name = en; path = InfoPlist.strings; sourceTree = "<group>"; };
		C212D8BA132A47E700E2A078 /* omni_mobile-Info.plist */ = {isa = PBXFileReference; fileEncoding = 4; lastKnownFileType = text.plist.xml; name = "omni_mobile-Info.plist"; path = "support/omni_mobile-Info.plist"; sourceTree = "<group>"; };
		C212D8BB132A47E700E2A078 /* omni_mobile-Prefix.pch */ = {isa = PBXFileReference; fileEncoding = 4; lastKnownFileType = sourcecode.c.h; name = "omni_mobile-Prefix.pch"; path = "support/omni_mobile-Prefix.pch"; sourceTree = "<group>"; };
		C212D8C1132A482800E2A078 /* MainWindow.xib */ = {isa = PBXFileReference; fileEncoding = 4; lastKnownFileType = file.xib; name = MainWindow.xib; path = nibs/MainWindow.xib; sourceTree = "<group>"; };
		C212D8C2132A482800E2A078 /* RootViewController.xib */ = {isa = PBXFileReference; fileEncoding = 4; lastKnownFileType = file.xib; name = RootViewController.xib; path = nibs/RootViewController.xib; sourceTree = "<group>"; };
		C212D8C3132A482800E2A078 /* UserView.xib */ = {isa = PBXFileReference; fileEncoding = 4; lastKnownFileType = file.xib; name = UserView.xib; path = nibs/UserView.xib; sourceTree = "<group>"; };
		C212D8C8132A483D00E2A078 /* OmniMobileTest.h */ = {isa = PBXFileReference; fileEncoding = 4; lastKnownFileType = sourcecode.c.h; name = OmniMobileTest.h; path = classes/OmniMobileTest.h; sourceTree = "<group>"; };
		C212D8C9132A483D00E2A078 /* OmniMobileTest.m */ = {isa = PBXFileReference; fileEncoding = 4; lastKnownFileType = sourcecode.c.objc; name = OmniMobileTest.m; path = classes/OmniMobileTest.m; sourceTree = "<group>"; };
		C212D8CD132A484700E2A078 /* en */ = {isa = PBXFileReference; lastKnownFileType = text.plist.strings; name = en; path = InfoPlist.strings; sourceTree = "<group>"; };
		C212D8CE132A484700E2A078 /* omni_mobile_test-Info.plist */ = {isa = PBXFileReference; fileEncoding = 4; lastKnownFileType = text.plist.xml; name = "omni_mobile_test-Info.plist"; path = "support/omni_mobile_test-Info.plist"; sourceTree = "<group>"; };
		C212D8CF132A484700E2A078 /* omni_mobile_test-Prefix.pch */ = {isa = PBXFileReference; fileEncoding = 4; lastKnownFileType = sourcecode.c.h; name = "omni_mobile_test-Prefix.pch"; path = "support/omni_mobile_test-Prefix.pch"; sourceTree = "<group>"; };
		C226C240132A781B00427656 /* MenuViewController.h */ = {isa = PBXFileReference; fileEncoding = 4; lastKnownFileType = sourcecode.c.h; name = MenuViewController.h; path = classes/MenuViewController.h; sourceTree = "<group>"; };
		C226C241132A781B00427656 /* MenuViewController.m */ = {isa = PBXFileReference; fileEncoding = 4; lastKnownFileType = sourcecode.c.objc; name = MenuViewController.m; path = classes/MenuViewController.m; sourceTree = "<group>"; };
		C226C243132A782500427656 /* MenuViewController.xib */ = {isa = PBXFileReference; fileEncoding = 4; lastKnownFileType = file.xib; name = MenuViewController.xib; path = nibs/MenuViewController.xib; sourceTree = "<group>"; };
		C226C252132A7DE800427656 /* disk_48x48.png */ = {isa = PBXFileReference; lastKnownFileType = image.png; name = disk_48x48.png; path = resources/images/disk_48x48.png; sourceTree = "<group>"; };
		C226C253132A7DE800427656 /* disk_64x64.png */ = {isa = PBXFileReference; lastKnownFileType = image.png; name = disk_64x64.png; path = resources/images/disk_64x64.png; sourceTree = "<group>"; };
		C23F3D41132E3985003155EE /* omni_launch.png */ = {isa = PBXFileReference; lastKnownFileType = image.png; name = omni_launch.png; path = resources/images/omni_launch.png; sourceTree = "<group>"; };
		C23F3D42132E3986003155EE /* omni_launch@2x.png */ = {isa = PBXFileReference; lastKnownFileType = image.png; name = "omni_launch@2x.png"; path = "resources/images/omni_launch@2x.png"; sourceTree = "<group>"; };
		C23F3D55132E3B5B003155EE /* omni.png */ = {isa = PBXFileReference; lastKnownFileType = image.png; name = omni.png; path = resources/images/omni.png; sourceTree = "<group>"; };
		C23F3D56132E3B5B003155EE /* omni@2x.png */ = {isa = PBXFileReference; lastKnownFileType = image.png; name = "omni@2x.png"; path = "resources/images/omni@2x.png"; sourceTree = "<group>"; };
		C23F3D61132E4493003155EE /* omni_icon_sales.png */ = {isa = PBXFileReference; lastKnownFileType = image.png; name = omni_icon_sales.png; path = resources/images/omni_icon_sales.png; sourceTree = "<group>"; };
		C23F3D62132E4493003155EE /* omni_icon_sales@2x.png */ = {isa = PBXFileReference; lastKnownFileType = image.png; name = "omni_icon_sales@2x.png"; path = "resources/images/omni_icon_sales@2x.png"; sourceTree = "<group>"; };
		C23F3D65132E46D3003155EE /* omni_icon_users.png */ = {isa = PBXFileReference; lastKnownFileType = image.png; name = omni_icon_users.png; path = resources/images/omni_icon_users.png; sourceTree = "<group>"; };
		C23F3D66132E46D4003155EE /* omni_icon_users@2x.png */ = {isa = PBXFileReference; lastKnownFileType = image.png; name = "omni_icon_users@2x.png"; path = "resources/images/omni_icon_users@2x.png"; sourceTree = "<group>"; };
		C23F3D69132E4861003155EE /* omni_icon_highlights.png */ = {isa = PBXFileReference; lastKnownFileType = image.png; name = omni_icon_highlights.png; path = resources/images/omni_icon_highlights.png; sourceTree = "<group>"; };
		C23F3D6A132E4862003155EE /* omni_icon_highlights@2x.png */ = {isa = PBXFileReference; lastKnownFileType = image.png; name = "omni_icon_highlights@2x.png"; path = "resources/images/omni_icon_highlights@2x.png"; sourceTree = "<group>"; };
		C23F3D7F132E57FF003155EE /* Default.png */ = {isa = PBXFileReference; lastKnownFileType = image.png; name = Default.png; path = resources/images/Default.png; sourceTree = "<group>"; };
		C23F3D80132E5800003155EE /* Default@2x.png */ = {isa = PBXFileReference; lastKnownFileType = image.png; name = "Default@2x.png"; path = "resources/images/Default@2x.png"; sourceTree = "<group>"; };
		C23F3D85132E5932003155EE /* libjson_mobile.a */ = {isa = PBXFileReference; explicitFileType = archive.ar; path = libjson_mobile.a; sourceTree = BUILT_PRODUCTS_DIR; };
		C23F3D89132E5965003155EE /* libcommons_mobile.a */ = {isa = PBXFileReference; explicitFileType = archive.ar; path = libcommons_mobile.a; sourceTree = BUILT_PRODUCTS_DIR; };
		C23F3DA6132E737B003155EE /* MainWindow-iPad.xib */ = {isa = PBXFileReference; fileEncoding = 4; lastKnownFileType = file.xib; name = "MainWindow-iPad.xib"; path = "ipad/nibs/MainWindow-iPad.xib"; sourceTree = "<group>"; };
		C24323F2132E2D2800BB72E0 /* commons_mobile.xcodeproj */ = {isa = PBXFileReference; lastKnownFileType = "wrapper.pb-project"; name = commons_mobile.xcodeproj; path = ../commons_mobile/commons_mobile.xcodeproj; sourceTree = "<group>"; };
		C28EFF3613295A31007CBA34 /* omni_mobile.app */ = {isa = PBXFileReference; explicitFileType = wrapper.application; includeInIndex = 0; path = omni_mobile.app; sourceTree = BUILT_PRODUCTS_DIR; };
		C28EFF3A13295A31007CBA34 /* UIKit.framework */ = {isa = PBXFileReference; lastKnownFileType = wrapper.framework; name = UIKit.framework; path = System/Library/Frameworks/UIKit.framework; sourceTree = SDKROOT; };
		C28EFF3C13295A31007CBA34 /* Foundation.framework */ = {isa = PBXFileReference; lastKnownFileType = wrapper.framework; name = Foundation.framework; path = System/Library/Frameworks/Foundation.framework; sourceTree = SDKROOT; };
		C28EFF3E13295A31007CBA34 /* CoreGraphics.framework */ = {isa = PBXFileReference; lastKnownFileType = wrapper.framework; name = CoreGraphics.framework; path = System/Library/Frameworks/CoreGraphics.framework; sourceTree = SDKROOT; };
		C2DBDC13132A42D5006C6E07 /* omni_mobile_test.octest */ = {isa = PBXFileReference; explicitFileType = wrapper.cfbundle; includeInIndex = 0; path = omni_mobile_test.octest; sourceTree = BUILT_PRODUCTS_DIR; };
/* End PBXFileReference section */

/* Begin PBXFrameworksBuildPhase section */
		C28EFF3313295A31007CBA34 /* Frameworks */ = {
			isa = PBXFrameworksBuildPhase;
			buildActionMask = 2147483647;
			files = (
				C23F3D8A132E5965003155EE /* libcommons_mobile.a in Frameworks */,
				C23F3D86132E5932003155EE /* libjson_mobile.a in Frameworks */,
				C28EFF3B13295A31007CBA34 /* UIKit.framework in Frameworks */,
				C28EFF3D13295A31007CBA34 /* Foundation.framework in Frameworks */,
				C28EFF3F13295A31007CBA34 /* CoreGraphics.framework in Frameworks */,
			);
			runOnlyForDeploymentPostprocessing = 0;
		};
		C2DBDC0F132A42D5006C6E07 /* Frameworks */ = {
			isa = PBXFrameworksBuildPhase;
			buildActionMask = 2147483647;
			files = (
				C2DBDC14132A42D5006C6E07 /* UIKit.framework in Frameworks */,
				C2DBDC15132A42D5006C6E07 /* Foundation.framework in Frameworks */,
				C2DBDC16132A42D5006C6E07 /* CoreGraphics.framework in Frameworks */,
			);
			runOnlyForDeploymentPostprocessing = 0;
		};
/* End PBXFrameworksBuildPhase section */

/* Begin PBXGroup section */
		C20DE8F2132BC6EE0028EAD7 /* Products */ = {
			isa = PBXGroup;
			children = (
				C20DE8F6132BC6EE0028EAD7 /* libjson_mobile.a */,
			);
			name = Products;
			sourceTree = "<group>";
		};
		C212D89A132A469800E2A078 /* Classes */ = {
			isa = PBXGroup;
			children = (
				C226C240132A781B00427656 /* MenuViewController.h */,
				C226C241132A781B00427656 /* MenuViewController.m */,
				C212D8A5132A47CE00E2A078 /* main.m */,
				C212D8A8132A47CE00E2A078 /* OmniMobileAppDelegate.h */,
				C212D8A9132A47CE00E2A078 /* OmniMobileAppDelegate.m */,
				C212D8AA132A47CE00E2A078 /* RootViewController.h */,
				C212D8AB132A47CE00E2A078 /* RootViewController.m */,
				C212D8AC132A47CE00E2A078 /* UserViewController.h */,
				C212D8AD132A47CE00E2A078 /* UserViewController.m */,
			);
			name = Classes;
			sourceTree = "<group>";
		};
		C212D8B3132A47E700E2A078 /* en.lproj */ = {
			isa = PBXGroup;
			children = (
				C212D8B4132A47E700E2A078 /* InfoPlist.strings */,
			);
			name = en.lproj;
			path = support/en.lproj;
			sourceTree = "<group>";
		};
		C212D8C0132A481C00E2A078 /* Nibs */ = {
			isa = PBXGroup;
			children = (
				C226C243132A782500427656 /* MenuViewController.xib */,
				C212D8C1132A482800E2A078 /* MainWindow.xib */,
				C212D8C2132A482800E2A078 /* RootViewController.xib */,
				C212D8C3132A482800E2A078 /* UserView.xib */,
			);
			name = Nibs;
			sourceTree = "<group>";
		};
		C212D8C7132A483100E2A078 /* Classes */ = {
			isa = PBXGroup;
			children = (
				C212D8C8132A483D00E2A078 /* OmniMobileTest.h */,
				C212D8C9132A483D00E2A078 /* OmniMobileTest.m */,
			);
			name = Classes;
			sourceTree = "<group>";
		};
		C212D8CB132A484700E2A078 /* en.lproj */ = {
			isa = PBXGroup;
			children = (
				C212D8CC132A484700E2A078 /* InfoPlist.strings */,
			);
			name = en.lproj;
			path = support/en.lproj;
			sourceTree = "<group>";
		};
		C226C24D132A7D6800427656 /* Resources */ = {
			isa = PBXGroup;
			children = (
				C226C24F132A7D7100427656 /* Images */,
			);
			name = Resources;
			sourceTree = "<group>";
		};
		C226C24F132A7D7100427656 /* Images */ = {
			isa = PBXGroup;
			children = (
				C23F3D7F132E57FF003155EE /* Default.png */,
				C23F3D80132E5800003155EE /* Default@2x.png */,
				C23F3D69132E4861003155EE /* omni_icon_highlights.png */,
				C23F3D6A132E4862003155EE /* omni_icon_highlights@2x.png */,
				C23F3D65132E46D3003155EE /* omni_icon_users.png */,
				C23F3D66132E46D4003155EE /* omni_icon_users@2x.png */,
				C23F3D61132E4493003155EE /* omni_icon_sales.png */,
				C23F3D62132E4493003155EE /* omni_icon_sales@2x.png */,
				C23F3D55132E3B5B003155EE /* omni.png */,
				C23F3D56132E3B5B003155EE /* omni@2x.png */,
				C23F3D41132E3985003155EE /* omni_launch.png */,
				C23F3D42132E3986003155EE /* omni_launch@2x.png */,
				A5DEAEC3132AA7D60071D848 /* disk_32x36.png */,
				C226C252132A7DE800427656 /* disk_48x48.png */,
				C226C253132A7DE800427656 /* disk_64x64.png */,
			);
			name = Images;
			sourceTree = "<group>";
		};
		C23F3DA4132E735C003155EE /* IPad */ = {
			isa = PBXGroup;
			children = (
				C23F3DA5132E7372003155EE /* Nibs */,
			);
			name = IPad;
			sourceTree = "<group>";
		};
		C23F3DA5132E7372003155EE /* Nibs */ = {
			isa = PBXGroup;
			children = (
				C23F3DA6132E737B003155EE /* MainWindow-iPad.xib */,
			);
			name = Nibs;
			sourceTree = "<group>";
		};
		C24323F3132E2D2800BB72E0 /* Products */ = {
			isa = PBXGroup;
			children = (
				C24323F7132E2D2800BB72E0 /* libcommons_mobile.a */,
			);
			name = Products;
			sourceTree = "<group>";
		};
		C28EFF2B13295A31007CBA34 = {
			isa = PBXGroup;
			children = (
				C24323F2132E2D2800BB72E0 /* commons_mobile.xcodeproj */,
				C20DE8F1132BC6EE0028EAD7 /* json_mobile.xcodeproj */,
				C28EFF4013295A31007CBA34 /* Omni Mobile */,
				C2DBDC17132A42D5006C6E07 /* Omni Mobile Test */,
				C28EFF3913295A31007CBA34 /* Frameworks */,
				C28EFF3713295A31007CBA34 /* Products */,
			);
			sourceTree = "<group>";
		};
		C28EFF3713295A31007CBA34 /* Products */ = {
			isa = PBXGroup;
			children = (
				C28EFF3613295A31007CBA34 /* omni_mobile.app */,
				C2DBDC13132A42D5006C6E07 /* omni_mobile_test.octest */,
			);
			name = Products;
			sourceTree = "<group>";
		};
		C28EFF3913295A31007CBA34 /* Frameworks */ = {
			isa = PBXGroup;
			children = (
				C28EFF3A13295A31007CBA34 /* UIKit.framework */,
				C28EFF3C13295A31007CBA34 /* Foundation.framework */,
				C28EFF3E13295A31007CBA34 /* CoreGraphics.framework */,
				C23F3D89132E5965003155EE /* libcommons_mobile.a */,
				C23F3D85132E5932003155EE /* libjson_mobile.a */,
			);
			name = Frameworks;
			sourceTree = "<group>";
		};
		C28EFF4013295A31007CBA34 /* Omni Mobile */ = {
			isa = PBXGroup;
			children = (
				C23F3DA4132E735C003155EE /* IPad */,
				C226C24D132A7D6800427656 /* Resources */,
				C212D8C0132A481C00E2A078 /* Nibs */,
				C212D89A132A469800E2A078 /* Classes */,
				C28EFF4113295A31007CBA34 /* Support */,
			);
			name = "Omni Mobile";
			path = omni_mobile;
			sourceTree = "<group>";
		};
		C28EFF4113295A31007CBA34 /* Support */ = {
			isa = PBXGroup;
			children = (
				C212D8B3132A47E700E2A078 /* en.lproj */,
				C212D8BA132A47E700E2A078 /* omni_mobile-Info.plist */,
				C212D8BB132A47E700E2A078 /* omni_mobile-Prefix.pch */,
			);
			name = Support;
			sourceTree = "<group>";
		};
		C2DBDC17132A42D5006C6E07 /* Omni Mobile Test */ = {
			isa = PBXGroup;
			children = (
				C212D8C7132A483100E2A078 /* Classes */,
				C2DBDC18132A42D5006C6E07 /* Support */,
			);
			name = "Omni Mobile Test";
			path = omni_mobile_test;
			sourceTree = "<group>";
		};
		C2DBDC18132A42D5006C6E07 /* Support */ = {
			isa = PBXGroup;
			children = (
				C212D8CB132A484700E2A078 /* en.lproj */,
				C212D8CE132A484700E2A078 /* omni_mobile_test-Info.plist */,
				C212D8CF132A484700E2A078 /* omni_mobile_test-Prefix.pch */,
			);
			name = Support;
			sourceTree = "<group>";
		};
/* End PBXGroup section */

/* Begin PBXNativeTarget section */
		C28EFF3513295A31007CBA34 /* omni_mobile */ = {
			isa = PBXNativeTarget;
			buildConfigurationList = C28EFF6D13295A32007CBA34 /* Build configuration list for PBXNativeTarget "omni_mobile" */;
			buildPhases = (
				C28EFF3213295A31007CBA34 /* Sources */,
				C28EFF3313295A31007CBA34 /* Frameworks */,
				C28EFF3413295A31007CBA34 /* Resources */,
			);
			buildRules = (
			);
			dependencies = (
				C23F3D88132E5960003155EE /* PBXTargetDependency */,
				C20DE8F9132BC6F80028EAD7 /* PBXTargetDependency */,
			);
			name = omni_mobile;
			productName = omni_mobile;
			productReference = C28EFF3613295A31007CBA34 /* omni_mobile.app */;
			productType = "com.apple.product-type.application";
		};
		C2DBDC12132A42D5006C6E07 /* omni_mobile_test */ = {
			isa = PBXNativeTarget;
			buildConfigurationList = C2DBDC22132A42D5006C6E07 /* Build configuration list for PBXNativeTarget "omni_mobile_test" */;
			buildPhases = (
				C2DBDC0E132A42D5006C6E07 /* Sources */,
				C2DBDC0F132A42D5006C6E07 /* Frameworks */,
				C2DBDC10132A42D5006C6E07 /* Resources */,
				C2DBDC11132A42D5006C6E07 /* ShellScript */,
			);
			buildRules = (
			);
			dependencies = (
				C2DBDC26132A42DB006C6E07 /* PBXTargetDependency */,
			);
			name = omni_mobile_test;
			productName = omni_mobile_test;
			productReference = C2DBDC13132A42D5006C6E07 /* omni_mobile_test.octest */;
			productType = "com.apple.product-type.bundle";
		};
/* End PBXNativeTarget section */

/* Begin PBXProject section */
		C28EFF2D13295A31007CBA34 /* Project object */ = {
			isa = PBXProject;
			buildConfigurationList = C28EFF3013295A31007CBA34 /* Build configuration list for PBXProject "omni_mobile" */;
			compatibilityVersion = "Xcode 3.2";
			developmentRegion = English;
			hasScannedForEncodings = 0;
			knownRegions = (
				en,
			);
			mainGroup = C28EFF2B13295A31007CBA34;
			productRefGroup = C28EFF3713295A31007CBA34 /* Products */;
			projectDirPath = "";
			projectReferences = (
				{
					ProductGroup = C24323F3132E2D2800BB72E0 /* Products */;
					ProjectRef = C24323F2132E2D2800BB72E0 /* commons_mobile.xcodeproj */;
				},
				{
					ProductGroup = C20DE8F2132BC6EE0028EAD7 /* Products */;
					ProjectRef = C20DE8F1132BC6EE0028EAD7 /* json_mobile.xcodeproj */;
				},
			);
			projectRoot = "";
			targets = (
				C28EFF3513295A31007CBA34 /* omni_mobile */,
				C2DBDC12132A42D5006C6E07 /* omni_mobile_test */,
			);
		};
/* End PBXProject section */

/* Begin PBXReferenceProxy section */
		C20DE8F6132BC6EE0028EAD7 /* libjson_mobile.a */ = {
			isa = PBXReferenceProxy;
			fileType = archive.ar;
			path = libjson_mobile.a;
			remoteRef = C20DE8F5132BC6EE0028EAD7 /* PBXContainerItemProxy */;
			sourceTree = BUILT_PRODUCTS_DIR;
		};
		C24323F7132E2D2800BB72E0 /* libcommons_mobile.a */ = {
			isa = PBXReferenceProxy;
			fileType = archive.ar;
			path = libcommons_mobile.a;
			remoteRef = C24323F6132E2D2800BB72E0 /* PBXContainerItemProxy */;
			sourceTree = BUILT_PRODUCTS_DIR;
		};
/* End PBXReferenceProxy section */

/* Begin PBXResourcesBuildPhase section */
		C28EFF3413295A31007CBA34 /* Resources */ = {
			isa = PBXResourcesBuildPhase;
			buildActionMask = 2147483647;
			files = (
				C212D8BC132A47E700E2A078 /* InfoPlist.strings in Resources */,
				C212D8C4132A482800E2A078 /* MainWindow.xib in Resources */,
				C212D8C5132A482800E2A078 /* RootViewController.xib in Resources */,
				C212D8C6132A482800E2A078 /* UserView.xib in Resources */,
				C226C244132A782500427656 /* MenuViewController.xib in Resources */,
				C226C254132A7DE800427656 /* disk_48x48.png in Resources */,
				C226C255132A7DE800427656 /* disk_64x64.png in Resources */,
				A5DEAEC4132AA7D60071D848 /* disk_32x36.png in Resources */,
				C23F3D45132E3986003155EE /* omni_launch.png in Resources */,
				C23F3D46132E3986003155EE /* omni_launch@2x.png in Resources */,
				C23F3D57132E3B5B003155EE /* omni.png in Resources */,
				C23F3D58132E3B5B003155EE /* omni@2x.png in Resources */,
				C23F3D63132E4494003155EE /* omni_icon_sales.png in Resources */,
				C23F3D64132E4494003155EE /* omni_icon_sales@2x.png in Resources */,
				C23F3D67132E46D6003155EE /* omni_icon_users.png in Resources */,
				C23F3D68132E46D6003155EE /* omni_icon_users@2x.png in Resources */,
				C23F3D6B132E4865003155EE /* omni_icon_highlights.png in Resources */,
				C23F3D6C132E4865003155EE /* omni_icon_highlights@2x.png in Resources */,
				C23F3D81132E5800003155EE /* Default.png in Resources */,
				C23F3D82132E5800003155EE /* Default@2x.png in Resources */,
				C23F3DA7132E737B003155EE /* MainWindow-iPad.xib in Resources */,
			);
			runOnlyForDeploymentPostprocessing = 0;
		};
		C2DBDC10132A42D5006C6E07 /* Resources */ = {
			isa = PBXResourcesBuildPhase;
			buildActionMask = 2147483647;
			files = (
				C212D8D3132A488200E2A078 /* InfoPlist.strings in Resources */,
			);
			runOnlyForDeploymentPostprocessing = 0;
		};
/* End PBXResourcesBuildPhase section */

/* Begin PBXShellScriptBuildPhase section */
		C2DBDC11132A42D5006C6E07 /* ShellScript */ = {
			isa = PBXShellScriptBuildPhase;
			buildActionMask = 2147483647;
			files = (
			);
			inputPaths = (
			);
			outputPaths = (
			);
			runOnlyForDeploymentPostprocessing = 0;
			shellPath = /bin/sh;
			shellScript = "# Run the unit tests in this test bundle.\n\"${SYSTEM_DEVELOPER_DIR}/Tools/RunUnitTests\"\n";
		};
/* End PBXShellScriptBuildPhase section */

/* Begin PBXSourcesBuildPhase section */
		C28EFF3213295A31007CBA34 /* Sources */ = {
			isa = PBXSourcesBuildPhase;
			buildActionMask = 2147483647;
			files = (
				C212D8AE132A47CE00E2A078 /* main.m in Sources */,
				C212D8B0132A47CE00E2A078 /* OmniMobileAppDelegate.m in Sources */,
				C212D8B1132A47CE00E2A078 /* RootViewController.m in Sources */,
				C212D8B2132A47CE00E2A078 /* UserViewController.m in Sources */,
				C226C242132A781B00427656 /* MenuViewController.m in Sources */,
			);
			runOnlyForDeploymentPostprocessing = 0;
		};
		C2DBDC0E132A42D5006C6E07 /* Sources */ = {
			isa = PBXSourcesBuildPhase;
			buildActionMask = 2147483647;
			files = (
				C212D8D2132A487A00E2A078 /* OmniMobileTest.m in Sources */,
			);
			runOnlyForDeploymentPostprocessing = 0;
		};
/* End PBXSourcesBuildPhase section */

/* Begin PBXTargetDependency section */
		C20DE8F9132BC6F80028EAD7 /* PBXTargetDependency */ = {
			isa = PBXTargetDependency;
			name = json_mobile;
			targetProxy = C20DE8F8132BC6F80028EAD7 /* PBXContainerItemProxy */;
		};
		C23F3D88132E5960003155EE /* PBXTargetDependency */ = {
			isa = PBXTargetDependency;
			name = commons_mobile;
			targetProxy = C23F3D87132E5960003155EE /* PBXContainerItemProxy */;
		};
		C2DBDC26132A42DB006C6E07 /* PBXTargetDependency */ = {
			isa = PBXTargetDependency;
			target = C28EFF3513295A31007CBA34 /* omni_mobile */;
			targetProxy = C2DBDC25132A42DB006C6E07 /* PBXContainerItemProxy */;
		};
/* End PBXTargetDependency section */

/* Begin PBXVariantGroup section */
		C212D8B4132A47E700E2A078 /* InfoPlist.strings */ = {
			isa = PBXVariantGroup;
			children = (
				C212D8B5132A47E700E2A078 /* en */,
			);
			name = InfoPlist.strings;
			sourceTree = "<group>";
		};
		C212D8CC132A484700E2A078 /* InfoPlist.strings */ = {
			isa = PBXVariantGroup;
			children = (
				C212D8CD132A484700E2A078 /* en */,
			);
			name = InfoPlist.strings;
			sourceTree = "<group>";
		};
/* End PBXVariantGroup section */

/* Begin XCBuildConfiguration section */
		C28EFF6B13295A32007CBA34 /* Debug */ = {
			isa = XCBuildConfiguration;
			buildSettings = {
				ARCHS = "$(ARCHS_STANDARD_32_BIT)";
				"CODE_SIGN_IDENTITY[sdk=iphoneos*]" = "iPhone Developer";
				GCC_C_LANGUAGE_STANDARD = gnu99;
				GCC_OPTIMIZATION_LEVEL = 0;
				GCC_PREPROCESSOR_DEFINITIONS = DEBUG;
				GCC_SYMBOLS_PRIVATE_EXTERN = NO;
				GCC_VERSION = com.apple.compilers.llvmgcc42;
				GCC_WARN_ABOUT_RETURN_TYPE = YES;
				GCC_WARN_UNUSED_VARIABLE = YES;
				IPHONEOS_DEPLOYMENT_TARGET = 4.0;
				SDKROOT = iphoneos;
			};
			name = Debug;
		};
		C28EFF6C13295A32007CBA34 /* Release */ = {
			isa = XCBuildConfiguration;
			buildSettings = {
				ARCHS = "$(ARCHS_STANDARD_32_BIT)";
				"CODE_SIGN_IDENTITY[sdk=iphoneos*]" = "iPhone Developer";
				GCC_C_LANGUAGE_STANDARD = gnu99;
				GCC_VERSION = com.apple.compilers.llvmgcc42;
				GCC_WARN_ABOUT_RETURN_TYPE = YES;
				GCC_WARN_UNUSED_VARIABLE = YES;
				IPHONEOS_DEPLOYMENT_TARGET = 4.0;
				OTHER_CFLAGS = "-DNS_BLOCK_ASSERTIONS=1";
				SDKROOT = iphoneos;
			};
			name = Release;
		};
		C28EFF6E13295A32007CBA34 /* Debug */ = {
			isa = XCBuildConfiguration;
			buildSettings = {
				ALWAYS_SEARCH_USER_PATHS = NO;
				COPY_PHASE_STRIP = NO;
				GCC_DYNAMIC_NO_PIC = NO;
				GCC_PRECOMPILE_PREFIX_HEADER = YES;
				GCC_PREFIX_HEADER = "omni_mobile/support/omni_mobile-Prefix.pch";
				INFOPLIST_FILE = "omni_mobile/support/omni_mobile-Info.plist";
				IPHONEOS_DEPLOYMENT_TARGET = 4.3;
				LIBRARY_SEARCH_PATHS = (
					"$(inherited)",
					"\"$(SRCROOT)\"",
				);
				PRODUCT_NAME = "$(TARGET_NAME)";
				TARGETED_DEVICE_FAMILY = "1,2";
				WRAPPER_EXTENSION = app;
			};
			name = Debug;
		};
		C28EFF6F13295A32007CBA34 /* Release */ = {
			isa = XCBuildConfiguration;
			buildSettings = {
				ALWAYS_SEARCH_USER_PATHS = NO;
				COPY_PHASE_STRIP = YES;
				GCC_PRECOMPILE_PREFIX_HEADER = YES;
				GCC_PREFIX_HEADER = "omni_mobile/support/omni_mobile-Prefix.pch";
				INFOPLIST_FILE = "omni_mobile/support/omni_mobile-Info.plist";
				IPHONEOS_DEPLOYMENT_TARGET = 4.3;
				LIBRARY_SEARCH_PATHS = (
					"$(inherited)",
					"\"$(SRCROOT)\"",
				);
				PRODUCT_NAME = "$(TARGET_NAME)";
				TARGETED_DEVICE_FAMILY = "1,2";
				VALIDATE_PRODUCT = YES;
				WRAPPER_EXTENSION = app;
			};
			name = Release;
		};
		C2DBDC23132A42D5006C6E07 /* Debug */ = {
			isa = XCBuildConfiguration;
			buildSettings = {
				ALWAYS_SEARCH_USER_PATHS = NO;
				FRAMEWORK_SEARCH_PATHS = (
					"$(SDKROOT)/Developer/Library/Frameworks",
					"$(DEVELOPER_LIBRARY_DIR)/Frameworks",
				);
				GCC_PRECOMPILE_PREFIX_HEADER = YES;
				GCC_PREFIX_HEADER = "omni_mobile_test/support/omni_mobile_test-Prefix.pch";
				INFOPLIST_FILE = "omni_mobile_test/support/omni_mobile_test-Info.plist";
				IPHONEOS_DEPLOYMENT_TARGET = 4.3;
				OTHER_LDFLAGS = (
					"-framework",
					SenTestingKit,
				);
				PRODUCT_NAME = "$(TARGET_NAME)";
				WRAPPER_EXTENSION = octest;
			};
			name = Debug;
		};
		C2DBDC24132A42D5006C6E07 /* Release */ = {
			isa = XCBuildConfiguration;
			buildSettings = {
				ALWAYS_SEARCH_USER_PATHS = NO;
				FRAMEWORK_SEARCH_PATHS = (
					"$(SDKROOT)/Developer/Library/Frameworks",
					"$(DEVELOPER_LIBRARY_DIR)/Frameworks",
				);
				GCC_PRECOMPILE_PREFIX_HEADER = YES;
				GCC_PREFIX_HEADER = "omni_mobile_test/support/omni_mobile_test-Prefix.pch";
				INFOPLIST_FILE = "omni_mobile_test/support/omni_mobile_test-Info.plist";
				IPHONEOS_DEPLOYMENT_TARGET = 4.3;
				OTHER_LDFLAGS = (
					"-framework",
					SenTestingKit,
				);
				PRODUCT_NAME = "$(TARGET_NAME)";
				WRAPPER_EXTENSION = octest;
			};
			name = Release;
		};
/* End XCBuildConfiguration section */

/* Begin XCConfigurationList section */
		C28EFF3013295A31007CBA34 /* Build configuration list for PBXProject "omni_mobile" */ = {
			isa = XCConfigurationList;
			buildConfigurations = (
				C28EFF6B13295A32007CBA34 /* Debug */,
				C28EFF6C13295A32007CBA34 /* Release */,
			);
			defaultConfigurationIsVisible = 0;
			defaultConfigurationName = Release;
		};
		C28EFF6D13295A32007CBA34 /* Build configuration list for PBXNativeTarget "omni_mobile" */ = {
			isa = XCConfigurationList;
			buildConfigurations = (
				C28EFF6E13295A32007CBA34 /* Debug */,
				C28EFF6F13295A32007CBA34 /* Release */,
			);
			defaultConfigurationIsVisible = 0;
			defaultConfigurationName = Release;
		};
		C2DBDC22132A42D5006C6E07 /* Build configuration list for PBXNativeTarget "omni_mobile_test" */ = {
			isa = XCConfigurationList;
			buildConfigurations = (
				C2DBDC23132A42D5006C6E07 /* Debug */,
				C2DBDC24132A42D5006C6E07 /* Release */,
			);
			defaultConfigurationIsVisible = 0;
			defaultConfigurationName = Release;
		};
/* End XCConfigurationList section */
	};
	rootObject = C28EFF2D13295A31007CBA34 /* Project object */;
}
